
Microsoft Visual Studio Solution File, Format Version 12.00
# Visual Studio 15
VisualStudioVersion = 15.0.27205.2004
MinimumVisualStudioVersion = 10.0.40219.1
Project("{FAE04EC0-301F-11D3-BF4B-00C04F79EFBC}") = "Reloaded-Launcher", "Reloaded-Launcher\Reloaded-Launcher.csproj", "{D13B793E-D12D-4E3B-AB02-ADFBDF61807F}"
EndProject
Project("{FAE04EC0-301F-11D3-BF4B-00C04F79EFBC}") = "Reloaded-Loader", "Reloaded-Loader\Reloaded-Loader.csproj", "{231FAD02-A7C3-46D4-B304-636188FD03D9}"
EndProject
Global
	GlobalSection(SolutionConfigurationPlatforms) = preSolution
		Debug|Any CPU = Debug|Any CPU
		Debug|x64 = Debug|x64
		Debug|x86 = Debug|x86
		Release|Any CPU = Release|Any CPU
		Release|x64 = Release|x64
		Release|x86 = Release|x86
	EndGlobalSection
	GlobalSection(ProjectConfigurationPlatforms) = postSolution
		{D13B793E-D12D-4E3B-AB02-ADFBDF61807F}.Debug|Any CPU.ActiveCfg = Debug|Any CPU
		{D13B793E-D12D-4E3B-AB02-ADFBDF61807F}.Debug|Any CPU.Build.0 = Debug|Any CPU
		{D13B793E-D12D-4E3B-AB02-ADFBDF61807F}.Debug|x64.ActiveCfg = Debug|x64
		{D13B793E-D12D-4E3B-AB02-ADFBDF61807F}.Debug|x64.Build.0 = Debug|x64
		{D13B793E-D12D-4E3B-AB02-ADFBDF61807F}.Debug|x86.ActiveCfg = Debug|x86
		{D13B793E-D12D-4E3B-AB02-ADFBDF61807F}.Debug|x86.Build.0 = Debug|x86
		{D13B793E-D12D-4E3B-AB02-ADFBDF61807F}.Release|Any CPU.ActiveCfg = Release|Any CPU
		{D13B793E-D12D-4E3B-AB02-ADFBDF61807F}.Release|Any CPU.Build.0 = Release|Any CPU
		{D13B793E-D12D-4E3B-AB02-ADFBDF61807F}.Release|x64.ActiveCfg = Release|x64
		{D13B793E-D12D-4E3B-AB02-ADFBDF61807F}.Release|x64.Build.0 = Release|x64
		{D13B793E-D12D-4E3B-AB02-ADFBDF61807F}.Release|x86.ActiveCfg = Release|x86
		{D13B793E-D12D-4E3B-AB02-ADFBDF61807F}.Release|x86.Build.0 = Release|x86
		{231FAD02-A7C3-46D4-B304-636188FD03D9}.Debug|Any CPU.ActiveCfg = Debug|Any CPU
		{231FAD02-A7C3-46D4-B304-636188FD03D9}.Debug|Any CPU.Build.0 = Debug|Any CPU
		{231FAD02-A7C3-46D4-B304-636188FD03D9}.Debug|x64.ActiveCfg = Debug|Any CPU
		{231FAD02-A7C3-46D4-B304-636188FD03D9}.Debug|x64.Build.0 = Debug|Any CPU
		{231FAD02-A7C3-46D4-B304-636188FD03D9}.Debug|x86.ActiveCfg = Debug|Any CPU
		{231FAD02-A7C3-46D4-B304-636188FD03D9}.Debug|x86.Build.0 = Debug|Any CPU
		{231FAD02-A7C3-46D4-B304-636188FD03D9}.Release|Any CPU.ActiveCfg = Release|Any CPU
		{231FAD02-A7C3-46D4-B304-636188FD03D9}.Release|Any CPU.Build.0 = Release|Any CPU
		{231FAD02-A7C3-46D4-B304-636188FD03D9}.Release|x64.ActiveCfg = Release|Any CPU
		{231FAD02-A7C3-46D4-B304-636188FD03D9}.Release|x64.Build.0 = Release|Any CPU
		{231FAD02-A7C3-46D4-B304-636188FD03D9}.Release|x86.ActiveCfg = Release|Any CPU
		{231FAD02-A7C3-46D4-B304-636188FD03D9}.Release|x86.Build.0 = Release|Any CPU
	EndGlobalSection
	GlobalSection(SolutionProperties) = preSolution
		HideSolutionNode = FALSE
	EndGlobalSection
	GlobalSection(ExtensibilityGlobals) = postSolution
		SolutionGuid = {AECD44BF-C6F0-4904-9C72-A0B8CB399EE9}
	EndGlobalSection
EndGlobal
