
Microsoft Visual Studio Solution File, Format Version 12.00
# Visual Studio 15
VisualStudioVersion = 15.0.27205.2004
MinimumVisualStudioVersion = 10.0.40219.1
Project("{FAE04EC0-301F-11D3-BF4B-00C04F79EFBC}") = "Reloaded-Launcher", "Reloaded-Launcher\Reloaded-Launcher.csproj", "{D13B793E-D12D-4E3B-AB02-ADFBDF61807F}"
	ProjectSection(ProjectDependencies) = postProject
		{231FAD02-A7C3-46D4-B304-636188FD03D9} = {231FAD02-A7C3-46D4-B304-636188FD03D9}
		{E34EF040-EC6D-4DDC-B71A-76CE7AFA3FDF} = {E34EF040-EC6D-4DDC-B71A-76CE7AFA3FDF}
		{D8DAE954-D469-4D01-925E-5AAF6B9C8FB6} = {D8DAE954-D469-4D01-925E-5AAF6B9C8FB6}
		{55B2B18E-807B-4B43-9941-144D53F75C92} = {55B2B18E-807B-4B43-9941-144D53F75C92}
	EndProjectSection
EndProject
Project("{FAE04EC0-301F-11D3-BF4B-00C04F79EFBC}") = "Reloaded-Loader", "Reloaded-Loader\Reloaded-Loader.csproj", "{231FAD02-A7C3-46D4-B304-636188FD03D9}"
	ProjectSection(ProjectDependencies) = postProject
		{6465D81D-69D3-46BF-AEDE-DF59B86F5029} = {6465D81D-69D3-46BF-AEDE-DF59B86F5029}
		{E34EF040-EC6D-4DDC-B71A-76CE7AFA3FDF} = {E34EF040-EC6D-4DDC-B71A-76CE7AFA3FDF}
	EndProjectSection
EndProject
Project("{FAE04EC0-301F-11D3-BF4B-00C04F79EFBC}") = "Reloaded-Mod-Template", "Reloaded-Mod-Template\Reloaded-Mod-Template.csproj", "{9A6D278C-F643-4181-860A-D82C3A8FD6E9}"
	ProjectSection(ProjectDependencies) = postProject
		{E34EF040-EC6D-4DDC-B71A-76CE7AFA3FDF} = {E34EF040-EC6D-4DDC-B71A-76CE7AFA3FDF}
	EndProjectSection
EndProject
Project("{FAE04EC0-301F-11D3-BF4B-00C04F79EFBC}") = "Reloaded-Wrapper-x64", "Reloaded-Wrapper-x64\Reloaded-Wrapper-x64.csproj", "{6465D81D-69D3-46BF-AEDE-DF59B86F5029}"
EndProject
Project("{9A19103F-16F7-4668-BE54-9A1E7A4F7556}") = "Reloaded-GUI", "Reloaded-GUI\Reloaded-GUI.csproj", "{D8DAE954-D469-4D01-925E-5AAF6B9C8FB6}"
EndProject
Project("{9A19103F-16F7-4668-BE54-9A1E7A4F7556}") = "libReloaded", "Reloaded-Libraries\libReloaded\libReloaded.csproj", "{E34EF040-EC6D-4DDC-B71A-76CE7AFA3FDF}"
EndProject
Project("{9A19103F-16F7-4668-BE54-9A1E7A4F7556}") = "Reloaded.Networking", "Reloaded-Libraries\libReloaded-Networking\Reloaded.Networking.csproj", "{55B2B18E-807B-4B43-9941-144D53F75C92}"
EndProject
Project("{2150E333-8FDC-42A3-9474-1A3956D46DE8}") = "Reloaded-Mod-Samples", "Reloaded-Mod-Samples", "{7C9F920E-A543-4747-B712-54A4A11A104E}"
EndProject
Project("{FAE04EC0-301F-11D3-BF4B-00C04F79EFBC}") = "File-Monitor", "Reloaded-Mod-Samples\File-Monitor\File-Monitor.csproj", "{0425908C-7E5A-43A2-981C-CCF8427F94AF}"
EndProject
Project("{FAE04EC0-301F-11D3-BF4B-00C04F79EFBC}") = "File-Redirector", "Reloaded-Mod-Samples\File-Redirector\File-Redirector.csproj", "{0FA61B1A-40E9-4F1F-99A0-286FF1E72087}"
EndProject
Project("{FAE04EC0-301F-11D3-BF4B-00C04F79EFBC}") = "Universal-Borderless", "Reloaded-Mod-Samples\Universal-Borderless\Universal-Borderless.csproj", "{5B234442-F228-48F2-96D2-C261CD21482D}"
EndProject
Project("{FAE04EC0-301F-11D3-BF4B-00C04F79EFBC}") = "WPF-Demo", "Reloaded-Mod-Samples\WPF-Test\WPF-Demo.csproj", "{4D18A449-70BA-41FA-9D49-1AA3DAE4E688}"
	ProjectSection(ProjectDependencies) = postProject
		{91A7C329-5B56-4AA4-BCC2-C299274C448D} = {91A7C329-5B56-4AA4-BCC2-C299274C448D}
	EndProjectSection
EndProject
Project("{FAE04EC0-301F-11D3-BF4B-00C04F79EFBC}") = "Memory-Manipulation-Demo", "Reloaded-Mod-Samples\Memory-Manipulation\Memory-Manipulation-Demo.csproj", "{FD7300E8-B781-4099-9CAB-BAA3D0ED2735}"
EndProject
Project("{FAE04EC0-301F-11D3-BF4B-00C04F79EFBC}") = "DX9-Drawing-Demo", "Reloaded-Mod-Samples\DX9-Drawing\DX9-Drawing-Demo.csproj", "{1D01D798-3917-4785-8A40-93A91B5B28FF}"
EndProject
Project("{FAE04EC0-301F-11D3-BF4B-00C04F79EFBC}") = "WPF-D2D-Hybrid-Demo", "Reloaded-Mod-Samples\D2D-Drawing\WPF-D2D-Hybrid-Demo.csproj", "{B0F400D6-0993-487B-991D-A3410FBC2729}"
EndProject
Project("{FAE04EC0-301F-11D3-BF4B-00C04F79EFBC}") = "Assembler-Demo", "Reloaded-Mod-Samples\Assembler-Demo\Assembler-Demo.csproj", "{58716F20-D5F4-49E5-A40F-C78ACF029E4B}"
EndProject
Project("{FAE04EC0-301F-11D3-BF4B-00C04F79EFBC}") = "Reloaded-Input-Stack-Demo", "Reloaded-Mod-Samples\Reloaded-Input-Stack-Demo\Reloaded-Input-Stack-Demo.csproj", "{865DB536-2216-4C27-9D76-8A3E2415C6E6}"
EndProject
Project("{FAE04EC0-301F-11D3-BF4B-00C04F79EFBC}") = "WPF-Demo-Overlay", "Reloaded-Mod-Samples\WPF-Demo-Overlay\WPF-Demo-Overlay.csproj", "{91A7C329-5B56-4AA4-BCC2-C299274C448D}"
EndProject
Project("{9A19103F-16F7-4668-BE54-9A1E7A4F7556}") = "libReloaded-Overlay", "Reloaded-Libraries\libReloaded-Overlay\libReloaded-Overlay.csproj", "{12134C3C-8FC1-4272-A211-F4399D6F0CE7}"
EndProject
Project("{9A19103F-16F7-4668-BE54-9A1E7A4F7556}") = "libReloaded-IO", "Reloaded-Libraries\libReloaded-IO\libReloaded-IO.csproj", "{183218A9-D8F6-44D4-91EE-098E2949218E}"
EndProject
Project("{9A19103F-16F7-4668-BE54-9A1E7A4F7556}") = "libReloaded-Input", "Reloaded-Libraries\libReloaded-Input\libReloaded-Input.csproj", "{956CE72C-AAB4-4A8B-8281-8C82761180B4}"
EndProject
Project("{9A19103F-16F7-4668-BE54-9A1E7A4F7556}") = "libReloaded-Paths", "Reloaded-Libraries\libReloaded-Paths\libReloaded-Paths.csproj", "{CB1994F7-61A4-4CB2-BBA0-4F2AAA75A491}"
EndProject
Project("{9A19103F-16F7-4668-BE54-9A1E7A4F7556}") = "libReloaded-Native", "Reloaded-Libraries\libReloaded-Native\libReloaded-Native.csproj", "{BFF8F9E0-94D0-4C87-A1A7-75E7FD6A6CA9}"
EndProject
Project("{FAE04EC0-301F-11D3-BF4B-00C04F79EFBC}") = "File-Monitor-New", "Reloaded-Mod-Samples\File-Monitor-2\File-Monitor-New.csproj", "{7DA2CE5A-4870-408C-B443-E26EB180B5F4}"
EndProject
Project("{FAE04EC0-301F-11D3-BF4B-00C04F79EFBC}") = "File-Redirector-New", "Reloaded-Mod-Samples\File-Redirector-2\File-Redirector-New.csproj", "{C0D0928D-6BF4-4A47-960A-01EE6959E91A}"
EndProject
Project("{FAE04EC0-301F-11D3-BF4B-00C04F79EFBC}") = "Reloaded-Plugin-System", "Reloaded-Plugin-Interfaces\Reloaded-Plugin-System.csproj", "{6917B3C3-4972-4FFD-87C9-4BBCCCF1D180}"
EndProject
Project("{2150E333-8FDC-42A3-9474-1A3956D46DE8}") = "Reloaded-Plugin-Samples", "Reloaded-Plugin-Samples", "{E4DD576A-E501-46F9-8A89-892E1597B676}"
EndProject
Project("{9A19103F-16F7-4668-BE54-9A1E7A4F7556}") = "Console-Colourizer", "Reloaded-Plugin-Samples\Console-Colourizer\Console-Colourizer.csproj", "{39730A60-DA73-4445-A3DA-98B7CDA3FDBF}"
EndProject
Project("{9A19103F-16F7-4668-BE54-9A1E7A4F7556}") = "Github-Updater", "Reloaded-Plugin-Samples\Github-Updater\Github-Updater.csproj", "{C73825C4-4776-44D0-B627-FCC1544692B7}"
EndProject
Project("{9A19103F-16F7-4668-BE54-9A1E7A4F7556}") = "GamebananaUpdater", "Reloaded-Plugin-Samples\GamebananaUpdater\GamebananaUpdater.csproj", "{F5CB0E06-F272-466A-B2C3-3314BBC4A7DF}"
EndProject
Project("{FAE04EC0-301F-11D3-BF4B-00C04F79EFBC}") = "Reloaded-Steam-Shim", "Reloaded-Steam-Shim\Reloaded-Steam-Shim.csproj", "{6B11F52C-36E6-4405-92CB-FB4FBBF81344}"
EndProject
Project("{FAE04EC0-301F-11D3-BF4B-00C04F79EFBC}") = "Steam-Hook", "Reloaded-Mod-Samples\Steam-Hook\Steam-Hook.csproj", "{9D2C6B70-49DA-46BA-AF8F-37C88468B139}"
EndProject
Project("{9A19103F-16F7-4668-BE54-9A1E7A4F7556}") = "Reloaded.Memory", "Reloaded-Libraries\Reloaded.Memory\Reloaded.Memory.csproj", "{6747DC4E-9A59-40AE-9D4B-4B507BB75913}"
EndProject
Project("{2150E333-8FDC-42A3-9474-1A3956D46DE8}") = "Reloaded-Libraries", "Reloaded-Libraries", "{2C16ABFC-EDAE-4AC5-B5C9-EEC54221D18D}"
EndProject
Project("{2150E333-8FDC-42A3-9474-1A3956D46DE8}") = "Examples", "Examples", "{4DF3A907-F98D-40D8-83F6-086A6BA19740}"
EndProject
Project("{2150E333-8FDC-42A3-9474-1A3956D46DE8}") = "Default Mods", "Default Mods", "{63F29E31-25B0-4E12-9CAB-F59719910677}"
EndProject
Project("{9A19103F-16F7-4668-BE54-9A1E7A4F7556}") = "Reloaded.Process.DllInjector", "Reloaded-Libraries\Reloaded.Process.DllInjector\Reloaded.Process.DllInjector.csproj", "{59E30B37-87DC-4BFE-98FE-E44458326823}"
EndProject
Project("{9A19103F-16F7-4668-BE54-9A1E7A4F7556}") = "Reloaded.Memory.Buffers", "Reloaded-Libraries\Reloaded.Memory.Buffers\Reloaded.Memory.Buffers.csproj", "{F5FDF50F-DE19-4749-83E5-DED9983AB737}"
EndProject
Project("{9A19103F-16F7-4668-BE54-9A1E7A4F7556}") = "Reloaded.Utilities", "Reloaded-Libraries\Reloaded.Utilities\Reloaded.Utilities.csproj", "{0630E54B-29B7-479D-884E-97ED3527B34E}"
EndProject
Project("{9A19103F-16F7-4668-BE54-9A1E7A4F7556}") = "Reloaded.Assembler", "Reloaded-Libraries\Reloaded.Assembler\Reloaded.Assembler.csproj", "{2EC88AE1-AFA6-445E-983B-BE21690AF0D8}"
EndProject
Project("{9A19103F-16F7-4668-BE54-9A1E7A4F7556}") = "Reloaded.Mod.Bootstrapper", "Reloaded-Libraries\Reloaded.Mod.Bootstrapper\Reloaded.Mod.Bootstrapper.csproj", "{73F00029-BB56-4522-A643-FD6E66BC30F1}"
EndProject
Global
	GlobalSection(SolutionConfigurationPlatforms) = preSolution
		Debug|Any CPU = Debug|Any CPU
		Debug|x64 = Debug|x64
		Debug|x86 = Debug|x86
		Github-Release|Any CPU = Github-Release|Any CPU
		Github-Release|x64 = Github-Release|x64
		Github-Release|x86 = Github-Release|x86
		Release|Any CPU = Release|Any CPU
		Release|x64 = Release|x64
		Release|x86 = Release|x86
	EndGlobalSection
	GlobalSection(ProjectConfigurationPlatforms) = postSolution
		{D13B793E-D12D-4E3B-AB02-ADFBDF61807F}.Debug|Any CPU.ActiveCfg = Debug|Any CPU
		{D13B793E-D12D-4E3B-AB02-ADFBDF61807F}.Debug|Any CPU.Build.0 = Debug|Any CPU
		{D13B793E-D12D-4E3B-AB02-ADFBDF61807F}.Debug|x64.ActiveCfg = Debug|Any CPU
		{D13B793E-D12D-4E3B-AB02-ADFBDF61807F}.Debug|x64.Build.0 = Debug|Any CPU
		{D13B793E-D12D-4E3B-AB02-ADFBDF61807F}.Debug|x86.ActiveCfg = Debug|Any CPU
		{D13B793E-D12D-4E3B-AB02-ADFBDF61807F}.Debug|x86.Build.0 = Debug|Any CPU
		{D13B793E-D12D-4E3B-AB02-ADFBDF61807F}.Github-Release|Any CPU.ActiveCfg = Github-Release|Any CPU
		{D13B793E-D12D-4E3B-AB02-ADFBDF61807F}.Github-Release|Any CPU.Build.0 = Github-Release|Any CPU
		{D13B793E-D12D-4E3B-AB02-ADFBDF61807F}.Github-Release|x64.ActiveCfg = Github-Release|x64
		{D13B793E-D12D-4E3B-AB02-ADFBDF61807F}.Github-Release|x64.Build.0 = Github-Release|x64
		{D13B793E-D12D-4E3B-AB02-ADFBDF61807F}.Github-Release|x86.ActiveCfg = Github-Release|x86
		{D13B793E-D12D-4E3B-AB02-ADFBDF61807F}.Github-Release|x86.Build.0 = Github-Release|x86
		{D13B793E-D12D-4E3B-AB02-ADFBDF61807F}.Release|Any CPU.ActiveCfg = Release|Any CPU
		{D13B793E-D12D-4E3B-AB02-ADFBDF61807F}.Release|Any CPU.Build.0 = Release|Any CPU
		{D13B793E-D12D-4E3B-AB02-ADFBDF61807F}.Release|x64.ActiveCfg = Release|Any CPU
		{D13B793E-D12D-4E3B-AB02-ADFBDF61807F}.Release|x64.Build.0 = Release|Any CPU
		{D13B793E-D12D-4E3B-AB02-ADFBDF61807F}.Release|x86.ActiveCfg = Release|Any CPU
		{D13B793E-D12D-4E3B-AB02-ADFBDF61807F}.Release|x86.Build.0 = Release|Any CPU
		{231FAD02-A7C3-46D4-B304-636188FD03D9}.Debug|Any CPU.ActiveCfg = Debug|Any CPU
		{231FAD02-A7C3-46D4-B304-636188FD03D9}.Debug|Any CPU.Build.0 = Debug|Any CPU
		{231FAD02-A7C3-46D4-B304-636188FD03D9}.Debug|x64.ActiveCfg = Debug|x64
		{231FAD02-A7C3-46D4-B304-636188FD03D9}.Debug|x64.Build.0 = Debug|x64
		{231FAD02-A7C3-46D4-B304-636188FD03D9}.Debug|x86.ActiveCfg = Debug|x86
		{231FAD02-A7C3-46D4-B304-636188FD03D9}.Debug|x86.Build.0 = Debug|x86
		{231FAD02-A7C3-46D4-B304-636188FD03D9}.Github-Release|Any CPU.ActiveCfg = Github-Release|Any CPU
		{231FAD02-A7C3-46D4-B304-636188FD03D9}.Github-Release|Any CPU.Build.0 = Github-Release|Any CPU
		{231FAD02-A7C3-46D4-B304-636188FD03D9}.Github-Release|x64.ActiveCfg = Github-Release|x64
		{231FAD02-A7C3-46D4-B304-636188FD03D9}.Github-Release|x64.Build.0 = Github-Release|x64
		{231FAD02-A7C3-46D4-B304-636188FD03D9}.Github-Release|x86.ActiveCfg = Github-Release|x86
		{231FAD02-A7C3-46D4-B304-636188FD03D9}.Github-Release|x86.Build.0 = Github-Release|x86
		{231FAD02-A7C3-46D4-B304-636188FD03D9}.Release|Any CPU.ActiveCfg = Release|Any CPU
		{231FAD02-A7C3-46D4-B304-636188FD03D9}.Release|Any CPU.Build.0 = Release|Any CPU
		{231FAD02-A7C3-46D4-B304-636188FD03D9}.Release|x64.ActiveCfg = Release|Any CPU
		{231FAD02-A7C3-46D4-B304-636188FD03D9}.Release|x64.Build.0 = Release|Any CPU
		{231FAD02-A7C3-46D4-B304-636188FD03D9}.Release|x86.ActiveCfg = Release|Any CPU
		{231FAD02-A7C3-46D4-B304-636188FD03D9}.Release|x86.Build.0 = Release|Any CPU
		{9A6D278C-F643-4181-860A-D82C3A8FD6E9}.Debug|Any CPU.ActiveCfg = Debug|Any CPU
		{9A6D278C-F643-4181-860A-D82C3A8FD6E9}.Debug|Any CPU.Build.0 = Debug|Any CPU
		{9A6D278C-F643-4181-860A-D82C3A8FD6E9}.Debug|x64.ActiveCfg = Debug|Any CPU
		{9A6D278C-F643-4181-860A-D82C3A8FD6E9}.Debug|x64.Build.0 = Debug|Any CPU
		{9A6D278C-F643-4181-860A-D82C3A8FD6E9}.Debug|x86.ActiveCfg = Debug|Any CPU
		{9A6D278C-F643-4181-860A-D82C3A8FD6E9}.Debug|x86.Build.0 = Debug|Any CPU
		{9A6D278C-F643-4181-860A-D82C3A8FD6E9}.Github-Release|Any CPU.ActiveCfg = Release|Any CPU
		{9A6D278C-F643-4181-860A-D82C3A8FD6E9}.Github-Release|x64.ActiveCfg = Release|Any CPU
		{9A6D278C-F643-4181-860A-D82C3A8FD6E9}.Github-Release|x86.ActiveCfg = Release|Any CPU
		{9A6D278C-F643-4181-860A-D82C3A8FD6E9}.Release|Any CPU.ActiveCfg = Release|Any CPU
		{9A6D278C-F643-4181-860A-D82C3A8FD6E9}.Release|Any CPU.Build.0 = Release|Any CPU
		{9A6D278C-F643-4181-860A-D82C3A8FD6E9}.Release|x64.ActiveCfg = Release|Any CPU
		{9A6D278C-F643-4181-860A-D82C3A8FD6E9}.Release|x64.Build.0 = Release|Any CPU
		{9A6D278C-F643-4181-860A-D82C3A8FD6E9}.Release|x86.ActiveCfg = Release|Any CPU
		{9A6D278C-F643-4181-860A-D82C3A8FD6E9}.Release|x86.Build.0 = Release|Any CPU
		{6465D81D-69D3-46BF-AEDE-DF59B86F5029}.Debug|Any CPU.ActiveCfg = Debug|x64
		{6465D81D-69D3-46BF-AEDE-DF59B86F5029}.Debug|Any CPU.Build.0 = Debug|x64
		{6465D81D-69D3-46BF-AEDE-DF59B86F5029}.Debug|x64.ActiveCfg = Debug|x64
		{6465D81D-69D3-46BF-AEDE-DF59B86F5029}.Debug|x64.Build.0 = Debug|x64
		{6465D81D-69D3-46BF-AEDE-DF59B86F5029}.Debug|x86.ActiveCfg = Debug|x64
		{6465D81D-69D3-46BF-AEDE-DF59B86F5029}.Debug|x86.Build.0 = Debug|x64
		{6465D81D-69D3-46BF-AEDE-DF59B86F5029}.Github-Release|Any CPU.ActiveCfg = Github-Release|Any CPU
		{6465D81D-69D3-46BF-AEDE-DF59B86F5029}.Github-Release|Any CPU.Build.0 = Github-Release|Any CPU
		{6465D81D-69D3-46BF-AEDE-DF59B86F5029}.Github-Release|x64.ActiveCfg = Github-Release|x64
		{6465D81D-69D3-46BF-AEDE-DF59B86F5029}.Github-Release|x64.Build.0 = Github-Release|x64
		{6465D81D-69D3-46BF-AEDE-DF59B86F5029}.Github-Release|x86.ActiveCfg = Github-Release|Any CPU
		{6465D81D-69D3-46BF-AEDE-DF59B86F5029}.Github-Release|x86.Build.0 = Github-Release|Any CPU
		{6465D81D-69D3-46BF-AEDE-DF59B86F5029}.Release|Any CPU.ActiveCfg = Release|Any CPU
		{6465D81D-69D3-46BF-AEDE-DF59B86F5029}.Release|Any CPU.Build.0 = Release|Any CPU
		{6465D81D-69D3-46BF-AEDE-DF59B86F5029}.Release|x64.ActiveCfg = Release|Any CPU
		{6465D81D-69D3-46BF-AEDE-DF59B86F5029}.Release|x64.Build.0 = Release|Any CPU
		{6465D81D-69D3-46BF-AEDE-DF59B86F5029}.Release|x86.ActiveCfg = Release|Any CPU
		{6465D81D-69D3-46BF-AEDE-DF59B86F5029}.Release|x86.Build.0 = Release|Any CPU
		{D8DAE954-D469-4D01-925E-5AAF6B9C8FB6}.Debug|Any CPU.ActiveCfg = Debug|Any CPU
		{D8DAE954-D469-4D01-925E-5AAF6B9C8FB6}.Debug|Any CPU.Build.0 = Debug|Any CPU
		{D8DAE954-D469-4D01-925E-5AAF6B9C8FB6}.Debug|x64.ActiveCfg = Debug|Any CPU
		{D8DAE954-D469-4D01-925E-5AAF6B9C8FB6}.Debug|x64.Build.0 = Debug|Any CPU
		{D8DAE954-D469-4D01-925E-5AAF6B9C8FB6}.Debug|x86.ActiveCfg = Debug|Any CPU
		{D8DAE954-D469-4D01-925E-5AAF6B9C8FB6}.Debug|x86.Build.0 = Debug|Any CPU
		{D8DAE954-D469-4D01-925E-5AAF6B9C8FB6}.Github-Release|Any CPU.ActiveCfg = Release|Any CPU
		{D8DAE954-D469-4D01-925E-5AAF6B9C8FB6}.Github-Release|Any CPU.Build.0 = Release|Any CPU
		{D8DAE954-D469-4D01-925E-5AAF6B9C8FB6}.Github-Release|x64.ActiveCfg = Release|Any CPU
		{D8DAE954-D469-4D01-925E-5AAF6B9C8FB6}.Github-Release|x64.Build.0 = Release|Any CPU
		{D8DAE954-D469-4D01-925E-5AAF6B9C8FB6}.Github-Release|x86.ActiveCfg = Release|Any CPU
		{D8DAE954-D469-4D01-925E-5AAF6B9C8FB6}.Github-Release|x86.Build.0 = Release|Any CPU
		{D8DAE954-D469-4D01-925E-5AAF6B9C8FB6}.Release|Any CPU.ActiveCfg = Release|Any CPU
		{D8DAE954-D469-4D01-925E-5AAF6B9C8FB6}.Release|Any CPU.Build.0 = Release|Any CPU
		{D8DAE954-D469-4D01-925E-5AAF6B9C8FB6}.Release|x64.ActiveCfg = Release|Any CPU
		{D8DAE954-D469-4D01-925E-5AAF6B9C8FB6}.Release|x64.Build.0 = Release|Any CPU
		{D8DAE954-D469-4D01-925E-5AAF6B9C8FB6}.Release|x86.ActiveCfg = Release|Any CPU
		{D8DAE954-D469-4D01-925E-5AAF6B9C8FB6}.Release|x86.Build.0 = Release|Any CPU
		{E34EF040-EC6D-4DDC-B71A-76CE7AFA3FDF}.Debug|Any CPU.ActiveCfg = Debug|Any CPU
		{E34EF040-EC6D-4DDC-B71A-76CE7AFA3FDF}.Debug|Any CPU.Build.0 = Debug|Any CPU
		{E34EF040-EC6D-4DDC-B71A-76CE7AFA3FDF}.Debug|x64.ActiveCfg = Debug|Any CPU
		{E34EF040-EC6D-4DDC-B71A-76CE7AFA3FDF}.Debug|x64.Build.0 = Debug|Any CPU
		{E34EF040-EC6D-4DDC-B71A-76CE7AFA3FDF}.Debug|x86.ActiveCfg = Debug|Any CPU
		{E34EF040-EC6D-4DDC-B71A-76CE7AFA3FDF}.Debug|x86.Build.0 = Debug|Any CPU
		{E34EF040-EC6D-4DDC-B71A-76CE7AFA3FDF}.Github-Release|Any CPU.ActiveCfg = Release|Any CPU
		{E34EF040-EC6D-4DDC-B71A-76CE7AFA3FDF}.Github-Release|Any CPU.Build.0 = Release|Any CPU
		{E34EF040-EC6D-4DDC-B71A-76CE7AFA3FDF}.Github-Release|x64.ActiveCfg = Release|Any CPU
		{E34EF040-EC6D-4DDC-B71A-76CE7AFA3FDF}.Github-Release|x64.Build.0 = Release|Any CPU
		{E34EF040-EC6D-4DDC-B71A-76CE7AFA3FDF}.Github-Release|x86.ActiveCfg = Release|Any CPU
		{E34EF040-EC6D-4DDC-B71A-76CE7AFA3FDF}.Github-Release|x86.Build.0 = Release|Any CPU
		{E34EF040-EC6D-4DDC-B71A-76CE7AFA3FDF}.Release|Any CPU.ActiveCfg = Release|Any CPU
		{E34EF040-EC6D-4DDC-B71A-76CE7AFA3FDF}.Release|Any CPU.Build.0 = Release|Any CPU
		{E34EF040-EC6D-4DDC-B71A-76CE7AFA3FDF}.Release|x64.ActiveCfg = Release|Any CPU
		{E34EF040-EC6D-4DDC-B71A-76CE7AFA3FDF}.Release|x64.Build.0 = Release|Any CPU
		{E34EF040-EC6D-4DDC-B71A-76CE7AFA3FDF}.Release|x86.ActiveCfg = Release|Any CPU
		{E34EF040-EC6D-4DDC-B71A-76CE7AFA3FDF}.Release|x86.Build.0 = Release|Any CPU
		{55B2B18E-807B-4B43-9941-144D53F75C92}.Debug|Any CPU.ActiveCfg = Debug|Any CPU
		{55B2B18E-807B-4B43-9941-144D53F75C92}.Debug|Any CPU.Build.0 = Debug|Any CPU
		{55B2B18E-807B-4B43-9941-144D53F75C92}.Debug|x64.ActiveCfg = Debug|Any CPU
		{55B2B18E-807B-4B43-9941-144D53F75C92}.Debug|x64.Build.0 = Debug|Any CPU
		{55B2B18E-807B-4B43-9941-144D53F75C92}.Debug|x86.ActiveCfg = Debug|Any CPU
		{55B2B18E-807B-4B43-9941-144D53F75C92}.Debug|x86.Build.0 = Debug|Any CPU
		{55B2B18E-807B-4B43-9941-144D53F75C92}.Github-Release|Any CPU.ActiveCfg = Release|Any CPU
		{55B2B18E-807B-4B43-9941-144D53F75C92}.Github-Release|Any CPU.Build.0 = Release|Any CPU
		{55B2B18E-807B-4B43-9941-144D53F75C92}.Github-Release|x64.ActiveCfg = Release|Any CPU
		{55B2B18E-807B-4B43-9941-144D53F75C92}.Github-Release|x64.Build.0 = Release|Any CPU
		{55B2B18E-807B-4B43-9941-144D53F75C92}.Github-Release|x86.ActiveCfg = Release|Any CPU
		{55B2B18E-807B-4B43-9941-144D53F75C92}.Github-Release|x86.Build.0 = Release|Any CPU
		{55B2B18E-807B-4B43-9941-144D53F75C92}.Release|Any CPU.ActiveCfg = Release|Any CPU
		{55B2B18E-807B-4B43-9941-144D53F75C92}.Release|Any CPU.Build.0 = Release|Any CPU
		{55B2B18E-807B-4B43-9941-144D53F75C92}.Release|x64.ActiveCfg = Release|Any CPU
		{55B2B18E-807B-4B43-9941-144D53F75C92}.Release|x64.Build.0 = Release|Any CPU
		{55B2B18E-807B-4B43-9941-144D53F75C92}.Release|x86.ActiveCfg = Release|Any CPU
		{55B2B18E-807B-4B43-9941-144D53F75C92}.Release|x86.Build.0 = Release|Any CPU
		{0425908C-7E5A-43A2-981C-CCF8427F94AF}.Debug|Any CPU.ActiveCfg = Debug|Any CPU
		{0425908C-7E5A-43A2-981C-CCF8427F94AF}.Debug|Any CPU.Build.0 = Debug|Any CPU
		{0425908C-7E5A-43A2-981C-CCF8427F94AF}.Debug|x64.ActiveCfg = Debug|x64
		{0425908C-7E5A-43A2-981C-CCF8427F94AF}.Debug|x64.Build.0 = Debug|x64
		{0425908C-7E5A-43A2-981C-CCF8427F94AF}.Debug|x86.ActiveCfg = Debug|x86
		{0425908C-7E5A-43A2-981C-CCF8427F94AF}.Debug|x86.Build.0 = Debug|x86
		{0425908C-7E5A-43A2-981C-CCF8427F94AF}.Github-Release|Any CPU.ActiveCfg = Github-Release|Any CPU
		{0425908C-7E5A-43A2-981C-CCF8427F94AF}.Github-Release|Any CPU.Build.0 = Github-Release|Any CPU
		{0425908C-7E5A-43A2-981C-CCF8427F94AF}.Github-Release|x64.ActiveCfg = Github-Release|x64
		{0425908C-7E5A-43A2-981C-CCF8427F94AF}.Github-Release|x64.Build.0 = Github-Release|x64
		{0425908C-7E5A-43A2-981C-CCF8427F94AF}.Github-Release|x86.ActiveCfg = Github-Release|x86
		{0425908C-7E5A-43A2-981C-CCF8427F94AF}.Github-Release|x86.Build.0 = Github-Release|x86
		{0425908C-7E5A-43A2-981C-CCF8427F94AF}.Release|Any CPU.ActiveCfg = Release|Any CPU
		{0425908C-7E5A-43A2-981C-CCF8427F94AF}.Release|Any CPU.Build.0 = Release|Any CPU
		{0425908C-7E5A-43A2-981C-CCF8427F94AF}.Release|x64.ActiveCfg = Release|x64
		{0425908C-7E5A-43A2-981C-CCF8427F94AF}.Release|x64.Build.0 = Release|x64
		{0425908C-7E5A-43A2-981C-CCF8427F94AF}.Release|x86.ActiveCfg = Release|x86
		{0425908C-7E5A-43A2-981C-CCF8427F94AF}.Release|x86.Build.0 = Release|x86
		{0FA61B1A-40E9-4F1F-99A0-286FF1E72087}.Debug|Any CPU.ActiveCfg = Debug|Any CPU
		{0FA61B1A-40E9-4F1F-99A0-286FF1E72087}.Debug|Any CPU.Build.0 = Debug|Any CPU
		{0FA61B1A-40E9-4F1F-99A0-286FF1E72087}.Debug|x64.ActiveCfg = Debug|x64
		{0FA61B1A-40E9-4F1F-99A0-286FF1E72087}.Debug|x64.Build.0 = Debug|x64
		{0FA61B1A-40E9-4F1F-99A0-286FF1E72087}.Debug|x86.ActiveCfg = Debug|x86
		{0FA61B1A-40E9-4F1F-99A0-286FF1E72087}.Debug|x86.Build.0 = Debug|x86
		{0FA61B1A-40E9-4F1F-99A0-286FF1E72087}.Github-Release|Any CPU.ActiveCfg = Github-Release|Any CPU
		{0FA61B1A-40E9-4F1F-99A0-286FF1E72087}.Github-Release|Any CPU.Build.0 = Github-Release|Any CPU
		{0FA61B1A-40E9-4F1F-99A0-286FF1E72087}.Github-Release|x64.ActiveCfg = Github-Release|x64
		{0FA61B1A-40E9-4F1F-99A0-286FF1E72087}.Github-Release|x64.Build.0 = Github-Release|x64
		{0FA61B1A-40E9-4F1F-99A0-286FF1E72087}.Github-Release|x86.ActiveCfg = Github-Release|x86
		{0FA61B1A-40E9-4F1F-99A0-286FF1E72087}.Github-Release|x86.Build.0 = Github-Release|x86
		{0FA61B1A-40E9-4F1F-99A0-286FF1E72087}.Release|Any CPU.ActiveCfg = Release|Any CPU
		{0FA61B1A-40E9-4F1F-99A0-286FF1E72087}.Release|Any CPU.Build.0 = Release|Any CPU
		{0FA61B1A-40E9-4F1F-99A0-286FF1E72087}.Release|x64.ActiveCfg = Release|x64
		{0FA61B1A-40E9-4F1F-99A0-286FF1E72087}.Release|x64.Build.0 = Release|x64
		{0FA61B1A-40E9-4F1F-99A0-286FF1E72087}.Release|x86.ActiveCfg = Release|x86
		{0FA61B1A-40E9-4F1F-99A0-286FF1E72087}.Release|x86.Build.0 = Release|x86
		{5B234442-F228-48F2-96D2-C261CD21482D}.Debug|Any CPU.ActiveCfg = Debug|Any CPU
		{5B234442-F228-48F2-96D2-C261CD21482D}.Debug|Any CPU.Build.0 = Debug|Any CPU
		{5B234442-F228-48F2-96D2-C261CD21482D}.Debug|x64.ActiveCfg = Debug|x64
		{5B234442-F228-48F2-96D2-C261CD21482D}.Debug|x64.Build.0 = Debug|x64
		{5B234442-F228-48F2-96D2-C261CD21482D}.Debug|x86.ActiveCfg = Debug|x86
		{5B234442-F228-48F2-96D2-C261CD21482D}.Debug|x86.Build.0 = Debug|x86
		{5B234442-F228-48F2-96D2-C261CD21482D}.Github-Release|Any CPU.ActiveCfg = Github-Release|Any CPU
		{5B234442-F228-48F2-96D2-C261CD21482D}.Github-Release|Any CPU.Build.0 = Github-Release|Any CPU
		{5B234442-F228-48F2-96D2-C261CD21482D}.Github-Release|x64.ActiveCfg = Github-Release|x64
		{5B234442-F228-48F2-96D2-C261CD21482D}.Github-Release|x64.Build.0 = Github-Release|x64
		{5B234442-F228-48F2-96D2-C261CD21482D}.Github-Release|x86.ActiveCfg = Github-Release|x86
		{5B234442-F228-48F2-96D2-C261CD21482D}.Github-Release|x86.Build.0 = Github-Release|x86
		{5B234442-F228-48F2-96D2-C261CD21482D}.Release|Any CPU.ActiveCfg = Release|Any CPU
		{5B234442-F228-48F2-96D2-C261CD21482D}.Release|Any CPU.Build.0 = Release|Any CPU
		{5B234442-F228-48F2-96D2-C261CD21482D}.Release|x64.ActiveCfg = Release|x64
		{5B234442-F228-48F2-96D2-C261CD21482D}.Release|x64.Build.0 = Release|x64
		{5B234442-F228-48F2-96D2-C261CD21482D}.Release|x86.ActiveCfg = Release|x86
		{5B234442-F228-48F2-96D2-C261CD21482D}.Release|x86.Build.0 = Release|x86
		{4D18A449-70BA-41FA-9D49-1AA3DAE4E688}.Debug|Any CPU.ActiveCfg = Debug|Any CPU
		{4D18A449-70BA-41FA-9D49-1AA3DAE4E688}.Debug|Any CPU.Build.0 = Debug|Any CPU
		{4D18A449-70BA-41FA-9D49-1AA3DAE4E688}.Debug|x64.ActiveCfg = Debug|x64
		{4D18A449-70BA-41FA-9D49-1AA3DAE4E688}.Debug|x64.Build.0 = Debug|x64
		{4D18A449-70BA-41FA-9D49-1AA3DAE4E688}.Debug|x86.ActiveCfg = Debug|x86
		{4D18A449-70BA-41FA-9D49-1AA3DAE4E688}.Debug|x86.Build.0 = Debug|x86
		{4D18A449-70BA-41FA-9D49-1AA3DAE4E688}.Github-Release|Any CPU.ActiveCfg = Github-Release|Any CPU
		{4D18A449-70BA-41FA-9D49-1AA3DAE4E688}.Github-Release|Any CPU.Build.0 = Github-Release|Any CPU
		{4D18A449-70BA-41FA-9D49-1AA3DAE4E688}.Github-Release|x64.ActiveCfg = Github-Release|x64
		{4D18A449-70BA-41FA-9D49-1AA3DAE4E688}.Github-Release|x64.Build.0 = Github-Release|x64
		{4D18A449-70BA-41FA-9D49-1AA3DAE4E688}.Github-Release|x86.ActiveCfg = Github-Release|x86
		{4D18A449-70BA-41FA-9D49-1AA3DAE4E688}.Github-Release|x86.Build.0 = Github-Release|x86
		{4D18A449-70BA-41FA-9D49-1AA3DAE4E688}.Release|Any CPU.ActiveCfg = Release|Any CPU
		{4D18A449-70BA-41FA-9D49-1AA3DAE4E688}.Release|Any CPU.Build.0 = Release|Any CPU
		{4D18A449-70BA-41FA-9D49-1AA3DAE4E688}.Release|x64.ActiveCfg = Release|x64
		{4D18A449-70BA-41FA-9D49-1AA3DAE4E688}.Release|x64.Build.0 = Release|x64
		{4D18A449-70BA-41FA-9D49-1AA3DAE4E688}.Release|x86.ActiveCfg = Release|x86
		{4D18A449-70BA-41FA-9D49-1AA3DAE4E688}.Release|x86.Build.0 = Release|x86
		{FD7300E8-B781-4099-9CAB-BAA3D0ED2735}.Debug|Any CPU.ActiveCfg = Debug|Any CPU
		{FD7300E8-B781-4099-9CAB-BAA3D0ED2735}.Debug|Any CPU.Build.0 = Debug|Any CPU
		{FD7300E8-B781-4099-9CAB-BAA3D0ED2735}.Debug|x64.ActiveCfg = Debug|x64
		{FD7300E8-B781-4099-9CAB-BAA3D0ED2735}.Debug|x64.Build.0 = Debug|x64
		{FD7300E8-B781-4099-9CAB-BAA3D0ED2735}.Debug|x86.ActiveCfg = Debug|x86
		{FD7300E8-B781-4099-9CAB-BAA3D0ED2735}.Debug|x86.Build.0 = Debug|x86
		{FD7300E8-B781-4099-9CAB-BAA3D0ED2735}.Github-Release|Any CPU.ActiveCfg = Release|Any CPU
		{FD7300E8-B781-4099-9CAB-BAA3D0ED2735}.Github-Release|Any CPU.Build.0 = Release|Any CPU
		{FD7300E8-B781-4099-9CAB-BAA3D0ED2735}.Github-Release|x64.ActiveCfg = Release|x64
		{FD7300E8-B781-4099-9CAB-BAA3D0ED2735}.Github-Release|x64.Build.0 = Release|x64
		{FD7300E8-B781-4099-9CAB-BAA3D0ED2735}.Github-Release|x86.ActiveCfg = Release|x86
		{FD7300E8-B781-4099-9CAB-BAA3D0ED2735}.Github-Release|x86.Build.0 = Release|x86
		{FD7300E8-B781-4099-9CAB-BAA3D0ED2735}.Release|Any CPU.ActiveCfg = Release|Any CPU
		{FD7300E8-B781-4099-9CAB-BAA3D0ED2735}.Release|Any CPU.Build.0 = Release|Any CPU
		{FD7300E8-B781-4099-9CAB-BAA3D0ED2735}.Release|x64.ActiveCfg = Release|x64
		{FD7300E8-B781-4099-9CAB-BAA3D0ED2735}.Release|x64.Build.0 = Release|x64
		{FD7300E8-B781-4099-9CAB-BAA3D0ED2735}.Release|x86.ActiveCfg = Release|x86
		{FD7300E8-B781-4099-9CAB-BAA3D0ED2735}.Release|x86.Build.0 = Release|x86
		{1D01D798-3917-4785-8A40-93A91B5B28FF}.Debug|Any CPU.ActiveCfg = Debug|Any CPU
		{1D01D798-3917-4785-8A40-93A91B5B28FF}.Debug|Any CPU.Build.0 = Debug|Any CPU
		{1D01D798-3917-4785-8A40-93A91B5B28FF}.Debug|x64.ActiveCfg = Debug|x64
		{1D01D798-3917-4785-8A40-93A91B5B28FF}.Debug|x64.Build.0 = Debug|x64
		{1D01D798-3917-4785-8A40-93A91B5B28FF}.Debug|x86.ActiveCfg = Debug|x86
		{1D01D798-3917-4785-8A40-93A91B5B28FF}.Debug|x86.Build.0 = Debug|x86
		{1D01D798-3917-4785-8A40-93A91B5B28FF}.Github-Release|Any CPU.ActiveCfg = Github-Release|Any CPU
		{1D01D798-3917-4785-8A40-93A91B5B28FF}.Github-Release|Any CPU.Build.0 = Github-Release|Any CPU
		{1D01D798-3917-4785-8A40-93A91B5B28FF}.Github-Release|x64.ActiveCfg = Github-Release|x64
		{1D01D798-3917-4785-8A40-93A91B5B28FF}.Github-Release|x64.Build.0 = Github-Release|x64
		{1D01D798-3917-4785-8A40-93A91B5B28FF}.Github-Release|x86.ActiveCfg = Github-Release|x86
		{1D01D798-3917-4785-8A40-93A91B5B28FF}.Github-Release|x86.Build.0 = Github-Release|x86
		{1D01D798-3917-4785-8A40-93A91B5B28FF}.Release|Any CPU.ActiveCfg = Release|Any CPU
		{1D01D798-3917-4785-8A40-93A91B5B28FF}.Release|Any CPU.Build.0 = Release|Any CPU
		{1D01D798-3917-4785-8A40-93A91B5B28FF}.Release|x64.ActiveCfg = Release|x64
		{1D01D798-3917-4785-8A40-93A91B5B28FF}.Release|x64.Build.0 = Release|x64
		{1D01D798-3917-4785-8A40-93A91B5B28FF}.Release|x86.ActiveCfg = Release|x86
		{1D01D798-3917-4785-8A40-93A91B5B28FF}.Release|x86.Build.0 = Release|x86
		{B0F400D6-0993-487B-991D-A3410FBC2729}.Debug|Any CPU.ActiveCfg = Debug|Any CPU
		{B0F400D6-0993-487B-991D-A3410FBC2729}.Debug|Any CPU.Build.0 = Debug|Any CPU
		{B0F400D6-0993-487B-991D-A3410FBC2729}.Debug|x64.ActiveCfg = Debug|x64
		{B0F400D6-0993-487B-991D-A3410FBC2729}.Debug|x64.Build.0 = Debug|x64
		{B0F400D6-0993-487B-991D-A3410FBC2729}.Debug|x86.ActiveCfg = Debug|x86
		{B0F400D6-0993-487B-991D-A3410FBC2729}.Debug|x86.Build.0 = Debug|x86
		{B0F400D6-0993-487B-991D-A3410FBC2729}.Github-Release|Any CPU.ActiveCfg = Release|Any CPU
		{B0F400D6-0993-487B-991D-A3410FBC2729}.Github-Release|Any CPU.Build.0 = Release|Any CPU
		{B0F400D6-0993-487B-991D-A3410FBC2729}.Github-Release|x64.ActiveCfg = Release|x64
		{B0F400D6-0993-487B-991D-A3410FBC2729}.Github-Release|x64.Build.0 = Release|x64
		{B0F400D6-0993-487B-991D-A3410FBC2729}.Github-Release|x86.ActiveCfg = Release|x86
		{B0F400D6-0993-487B-991D-A3410FBC2729}.Github-Release|x86.Build.0 = Release|x86
		{B0F400D6-0993-487B-991D-A3410FBC2729}.Release|Any CPU.ActiveCfg = Release|Any CPU
		{B0F400D6-0993-487B-991D-A3410FBC2729}.Release|Any CPU.Build.0 = Release|Any CPU
		{B0F400D6-0993-487B-991D-A3410FBC2729}.Release|x64.ActiveCfg = Release|x64
		{B0F400D6-0993-487B-991D-A3410FBC2729}.Release|x64.Build.0 = Release|x64
		{B0F400D6-0993-487B-991D-A3410FBC2729}.Release|x86.ActiveCfg = Release|x86
		{B0F400D6-0993-487B-991D-A3410FBC2729}.Release|x86.Build.0 = Release|x86
		{58716F20-D5F4-49E5-A40F-C78ACF029E4B}.Debug|Any CPU.ActiveCfg = Debug|Any CPU
		{58716F20-D5F4-49E5-A40F-C78ACF029E4B}.Debug|Any CPU.Build.0 = Debug|Any CPU
		{58716F20-D5F4-49E5-A40F-C78ACF029E4B}.Debug|x64.ActiveCfg = Debug|x64
		{58716F20-D5F4-49E5-A40F-C78ACF029E4B}.Debug|x64.Build.0 = Debug|x64
		{58716F20-D5F4-49E5-A40F-C78ACF029E4B}.Debug|x86.ActiveCfg = Debug|x86
		{58716F20-D5F4-49E5-A40F-C78ACF029E4B}.Debug|x86.Build.0 = Debug|x86
		{58716F20-D5F4-49E5-A40F-C78ACF029E4B}.Github-Release|Any CPU.ActiveCfg = Release|Any CPU
		{58716F20-D5F4-49E5-A40F-C78ACF029E4B}.Github-Release|Any CPU.Build.0 = Release|Any CPU
		{58716F20-D5F4-49E5-A40F-C78ACF029E4B}.Github-Release|x64.ActiveCfg = Release|x64
		{58716F20-D5F4-49E5-A40F-C78ACF029E4B}.Github-Release|x64.Build.0 = Release|x64
		{58716F20-D5F4-49E5-A40F-C78ACF029E4B}.Github-Release|x86.ActiveCfg = Release|x86
		{58716F20-D5F4-49E5-A40F-C78ACF029E4B}.Github-Release|x86.Build.0 = Release|x86
		{58716F20-D5F4-49E5-A40F-C78ACF029E4B}.Release|Any CPU.ActiveCfg = Release|Any CPU
		{58716F20-D5F4-49E5-A40F-C78ACF029E4B}.Release|Any CPU.Build.0 = Release|Any CPU
		{58716F20-D5F4-49E5-A40F-C78ACF029E4B}.Release|x64.ActiveCfg = Release|x64
		{58716F20-D5F4-49E5-A40F-C78ACF029E4B}.Release|x64.Build.0 = Release|x64
		{58716F20-D5F4-49E5-A40F-C78ACF029E4B}.Release|x86.ActiveCfg = Release|x86
		{58716F20-D5F4-49E5-A40F-C78ACF029E4B}.Release|x86.Build.0 = Release|x86
		{865DB536-2216-4C27-9D76-8A3E2415C6E6}.Debug|Any CPU.ActiveCfg = Debug|Any CPU
		{865DB536-2216-4C27-9D76-8A3E2415C6E6}.Debug|Any CPU.Build.0 = Debug|Any CPU
		{865DB536-2216-4C27-9D76-8A3E2415C6E6}.Debug|x64.ActiveCfg = Debug|x64
		{865DB536-2216-4C27-9D76-8A3E2415C6E6}.Debug|x64.Build.0 = Debug|x64
		{865DB536-2216-4C27-9D76-8A3E2415C6E6}.Debug|x86.ActiveCfg = Debug|x86
		{865DB536-2216-4C27-9D76-8A3E2415C6E6}.Debug|x86.Build.0 = Debug|x86
		{865DB536-2216-4C27-9D76-8A3E2415C6E6}.Github-Release|Any CPU.ActiveCfg = Release|Any CPU
		{865DB536-2216-4C27-9D76-8A3E2415C6E6}.Github-Release|Any CPU.Build.0 = Release|Any CPU
		{865DB536-2216-4C27-9D76-8A3E2415C6E6}.Github-Release|x64.ActiveCfg = Release|x64
		{865DB536-2216-4C27-9D76-8A3E2415C6E6}.Github-Release|x64.Build.0 = Release|x64
		{865DB536-2216-4C27-9D76-8A3E2415C6E6}.Github-Release|x86.ActiveCfg = Release|x86
		{865DB536-2216-4C27-9D76-8A3E2415C6E6}.Github-Release|x86.Build.0 = Release|x86
		{865DB536-2216-4C27-9D76-8A3E2415C6E6}.Release|Any CPU.ActiveCfg = Release|Any CPU
		{865DB536-2216-4C27-9D76-8A3E2415C6E6}.Release|Any CPU.Build.0 = Release|Any CPU
		{865DB536-2216-4C27-9D76-8A3E2415C6E6}.Release|x64.ActiveCfg = Release|x64
		{865DB536-2216-4C27-9D76-8A3E2415C6E6}.Release|x64.Build.0 = Release|x64
		{865DB536-2216-4C27-9D76-8A3E2415C6E6}.Release|x86.ActiveCfg = Release|x86
		{865DB536-2216-4C27-9D76-8A3E2415C6E6}.Release|x86.Build.0 = Release|x86
		{91A7C329-5B56-4AA4-BCC2-C299274C448D}.Debug|Any CPU.ActiveCfg = Debug|Any CPU
		{91A7C329-5B56-4AA4-BCC2-C299274C448D}.Debug|Any CPU.Build.0 = Debug|Any CPU
		{91A7C329-5B56-4AA4-BCC2-C299274C448D}.Debug|x64.ActiveCfg = Debug|Any CPU
		{91A7C329-5B56-4AA4-BCC2-C299274C448D}.Debug|x64.Build.0 = Debug|Any CPU
		{91A7C329-5B56-4AA4-BCC2-C299274C448D}.Debug|x86.ActiveCfg = Debug|Any CPU
		{91A7C329-5B56-4AA4-BCC2-C299274C448D}.Debug|x86.Build.0 = Debug|Any CPU
		{91A7C329-5B56-4AA4-BCC2-C299274C448D}.Github-Release|Any CPU.ActiveCfg = Release|Any CPU
		{91A7C329-5B56-4AA4-BCC2-C299274C448D}.Github-Release|Any CPU.Build.0 = Release|Any CPU
		{91A7C329-5B56-4AA4-BCC2-C299274C448D}.Github-Release|x64.ActiveCfg = Release|Any CPU
		{91A7C329-5B56-4AA4-BCC2-C299274C448D}.Github-Release|x64.Build.0 = Release|Any CPU
		{91A7C329-5B56-4AA4-BCC2-C299274C448D}.Github-Release|x86.ActiveCfg = Release|Any CPU
		{91A7C329-5B56-4AA4-BCC2-C299274C448D}.Github-Release|x86.Build.0 = Release|Any CPU
		{91A7C329-5B56-4AA4-BCC2-C299274C448D}.Release|Any CPU.ActiveCfg = Release|Any CPU
		{91A7C329-5B56-4AA4-BCC2-C299274C448D}.Release|Any CPU.Build.0 = Release|Any CPU
		{91A7C329-5B56-4AA4-BCC2-C299274C448D}.Release|x64.ActiveCfg = Release|Any CPU
		{91A7C329-5B56-4AA4-BCC2-C299274C448D}.Release|x64.Build.0 = Release|Any CPU
		{91A7C329-5B56-4AA4-BCC2-C299274C448D}.Release|x86.ActiveCfg = Release|Any CPU
		{91A7C329-5B56-4AA4-BCC2-C299274C448D}.Release|x86.Build.0 = Release|Any CPU
		{12134C3C-8FC1-4272-A211-F4399D6F0CE7}.Debug|Any CPU.ActiveCfg = Debug|Any CPU
		{12134C3C-8FC1-4272-A211-F4399D6F0CE7}.Debug|Any CPU.Build.0 = Debug|Any CPU
		{12134C3C-8FC1-4272-A211-F4399D6F0CE7}.Debug|x64.ActiveCfg = Debug|Any CPU
		{12134C3C-8FC1-4272-A211-F4399D6F0CE7}.Debug|x64.Build.0 = Debug|Any CPU
		{12134C3C-8FC1-4272-A211-F4399D6F0CE7}.Debug|x86.ActiveCfg = Debug|Any CPU
		{12134C3C-8FC1-4272-A211-F4399D6F0CE7}.Debug|x86.Build.0 = Debug|Any CPU
		{12134C3C-8FC1-4272-A211-F4399D6F0CE7}.Github-Release|Any CPU.ActiveCfg = Release|Any CPU
		{12134C3C-8FC1-4272-A211-F4399D6F0CE7}.Github-Release|Any CPU.Build.0 = Release|Any CPU
		{12134C3C-8FC1-4272-A211-F4399D6F0CE7}.Github-Release|x64.ActiveCfg = Release|Any CPU
		{12134C3C-8FC1-4272-A211-F4399D6F0CE7}.Github-Release|x64.Build.0 = Release|Any CPU
		{12134C3C-8FC1-4272-A211-F4399D6F0CE7}.Github-Release|x86.ActiveCfg = Release|Any CPU
		{12134C3C-8FC1-4272-A211-F4399D6F0CE7}.Github-Release|x86.Build.0 = Release|Any CPU
		{12134C3C-8FC1-4272-A211-F4399D6F0CE7}.Release|Any CPU.ActiveCfg = Release|Any CPU
		{12134C3C-8FC1-4272-A211-F4399D6F0CE7}.Release|Any CPU.Build.0 = Release|Any CPU
		{12134C3C-8FC1-4272-A211-F4399D6F0CE7}.Release|x64.ActiveCfg = Release|Any CPU
		{12134C3C-8FC1-4272-A211-F4399D6F0CE7}.Release|x64.Build.0 = Release|Any CPU
		{12134C3C-8FC1-4272-A211-F4399D6F0CE7}.Release|x86.ActiveCfg = Release|Any CPU
		{12134C3C-8FC1-4272-A211-F4399D6F0CE7}.Release|x86.Build.0 = Release|Any CPU
		{183218A9-D8F6-44D4-91EE-098E2949218E}.Debug|Any CPU.ActiveCfg = Debug|Any CPU
		{183218A9-D8F6-44D4-91EE-098E2949218E}.Debug|Any CPU.Build.0 = Debug|Any CPU
		{183218A9-D8F6-44D4-91EE-098E2949218E}.Debug|x64.ActiveCfg = Debug|Any CPU
		{183218A9-D8F6-44D4-91EE-098E2949218E}.Debug|x64.Build.0 = Debug|Any CPU
		{183218A9-D8F6-44D4-91EE-098E2949218E}.Debug|x86.ActiveCfg = Debug|Any CPU
		{183218A9-D8F6-44D4-91EE-098E2949218E}.Debug|x86.Build.0 = Debug|Any CPU
		{183218A9-D8F6-44D4-91EE-098E2949218E}.Github-Release|Any CPU.ActiveCfg = Release|Any CPU
		{183218A9-D8F6-44D4-91EE-098E2949218E}.Github-Release|Any CPU.Build.0 = Release|Any CPU
		{183218A9-D8F6-44D4-91EE-098E2949218E}.Github-Release|x64.ActiveCfg = Release|Any CPU
		{183218A9-D8F6-44D4-91EE-098E2949218E}.Github-Release|x64.Build.0 = Release|Any CPU
		{183218A9-D8F6-44D4-91EE-098E2949218E}.Github-Release|x86.ActiveCfg = Release|Any CPU
		{183218A9-D8F6-44D4-91EE-098E2949218E}.Github-Release|x86.Build.0 = Release|Any CPU
		{183218A9-D8F6-44D4-91EE-098E2949218E}.Release|Any CPU.ActiveCfg = Release|Any CPU
		{183218A9-D8F6-44D4-91EE-098E2949218E}.Release|Any CPU.Build.0 = Release|Any CPU
		{183218A9-D8F6-44D4-91EE-098E2949218E}.Release|x64.ActiveCfg = Release|Any CPU
		{183218A9-D8F6-44D4-91EE-098E2949218E}.Release|x64.Build.0 = Release|Any CPU
		{183218A9-D8F6-44D4-91EE-098E2949218E}.Release|x86.ActiveCfg = Release|Any CPU
		{183218A9-D8F6-44D4-91EE-098E2949218E}.Release|x86.Build.0 = Release|Any CPU
		{956CE72C-AAB4-4A8B-8281-8C82761180B4}.Debug|Any CPU.ActiveCfg = Debug|Any CPU
		{956CE72C-AAB4-4A8B-8281-8C82761180B4}.Debug|Any CPU.Build.0 = Debug|Any CPU
		{956CE72C-AAB4-4A8B-8281-8C82761180B4}.Debug|x64.ActiveCfg = Debug|Any CPU
		{956CE72C-AAB4-4A8B-8281-8C82761180B4}.Debug|x64.Build.0 = Debug|Any CPU
		{956CE72C-AAB4-4A8B-8281-8C82761180B4}.Debug|x86.ActiveCfg = Debug|Any CPU
		{956CE72C-AAB4-4A8B-8281-8C82761180B4}.Debug|x86.Build.0 = Debug|Any CPU
		{956CE72C-AAB4-4A8B-8281-8C82761180B4}.Github-Release|Any CPU.ActiveCfg = Release|Any CPU
		{956CE72C-AAB4-4A8B-8281-8C82761180B4}.Github-Release|Any CPU.Build.0 = Release|Any CPU
		{956CE72C-AAB4-4A8B-8281-8C82761180B4}.Github-Release|x64.ActiveCfg = Release|Any CPU
		{956CE72C-AAB4-4A8B-8281-8C82761180B4}.Github-Release|x64.Build.0 = Release|Any CPU
		{956CE72C-AAB4-4A8B-8281-8C82761180B4}.Github-Release|x86.ActiveCfg = Release|Any CPU
		{956CE72C-AAB4-4A8B-8281-8C82761180B4}.Github-Release|x86.Build.0 = Release|Any CPU
		{956CE72C-AAB4-4A8B-8281-8C82761180B4}.Release|Any CPU.ActiveCfg = Release|Any CPU
		{956CE72C-AAB4-4A8B-8281-8C82761180B4}.Release|Any CPU.Build.0 = Release|Any CPU
		{956CE72C-AAB4-4A8B-8281-8C82761180B4}.Release|x64.ActiveCfg = Release|Any CPU
		{956CE72C-AAB4-4A8B-8281-8C82761180B4}.Release|x64.Build.0 = Release|Any CPU
		{956CE72C-AAB4-4A8B-8281-8C82761180B4}.Release|x86.ActiveCfg = Release|Any CPU
		{956CE72C-AAB4-4A8B-8281-8C82761180B4}.Release|x86.Build.0 = Release|Any CPU
		{CB1994F7-61A4-4CB2-BBA0-4F2AAA75A491}.Debug|Any CPU.ActiveCfg = Debug|Any CPU
		{CB1994F7-61A4-4CB2-BBA0-4F2AAA75A491}.Debug|Any CPU.Build.0 = Debug|Any CPU
		{CB1994F7-61A4-4CB2-BBA0-4F2AAA75A491}.Debug|x64.ActiveCfg = Debug|Any CPU
		{CB1994F7-61A4-4CB2-BBA0-4F2AAA75A491}.Debug|x64.Build.0 = Debug|Any CPU
		{CB1994F7-61A4-4CB2-BBA0-4F2AAA75A491}.Debug|x86.ActiveCfg = Debug|Any CPU
		{CB1994F7-61A4-4CB2-BBA0-4F2AAA75A491}.Debug|x86.Build.0 = Debug|Any CPU
		{CB1994F7-61A4-4CB2-BBA0-4F2AAA75A491}.Github-Release|Any CPU.ActiveCfg = Release|Any CPU
		{CB1994F7-61A4-4CB2-BBA0-4F2AAA75A491}.Github-Release|Any CPU.Build.0 = Release|Any CPU
		{CB1994F7-61A4-4CB2-BBA0-4F2AAA75A491}.Github-Release|x64.ActiveCfg = Release|Any CPU
		{CB1994F7-61A4-4CB2-BBA0-4F2AAA75A491}.Github-Release|x64.Build.0 = Release|Any CPU
		{CB1994F7-61A4-4CB2-BBA0-4F2AAA75A491}.Github-Release|x86.ActiveCfg = Release|Any CPU
		{CB1994F7-61A4-4CB2-BBA0-4F2AAA75A491}.Github-Release|x86.Build.0 = Release|Any CPU
		{CB1994F7-61A4-4CB2-BBA0-4F2AAA75A491}.Release|Any CPU.ActiveCfg = Release|Any CPU
		{CB1994F7-61A4-4CB2-BBA0-4F2AAA75A491}.Release|Any CPU.Build.0 = Release|Any CPU
		{CB1994F7-61A4-4CB2-BBA0-4F2AAA75A491}.Release|x64.ActiveCfg = Release|Any CPU
		{CB1994F7-61A4-4CB2-BBA0-4F2AAA75A491}.Release|x64.Build.0 = Release|Any CPU
		{CB1994F7-61A4-4CB2-BBA0-4F2AAA75A491}.Release|x86.ActiveCfg = Release|Any CPU
		{CB1994F7-61A4-4CB2-BBA0-4F2AAA75A491}.Release|x86.Build.0 = Release|Any CPU
		{BFF8F9E0-94D0-4C87-A1A7-75E7FD6A6CA9}.Debug|Any CPU.ActiveCfg = Debug|Any CPU
		{BFF8F9E0-94D0-4C87-A1A7-75E7FD6A6CA9}.Debug|Any CPU.Build.0 = Debug|Any CPU
		{BFF8F9E0-94D0-4C87-A1A7-75E7FD6A6CA9}.Debug|x64.ActiveCfg = Debug|Any CPU
		{BFF8F9E0-94D0-4C87-A1A7-75E7FD6A6CA9}.Debug|x64.Build.0 = Debug|Any CPU
		{BFF8F9E0-94D0-4C87-A1A7-75E7FD6A6CA9}.Debug|x86.ActiveCfg = Debug|Any CPU
		{BFF8F9E0-94D0-4C87-A1A7-75E7FD6A6CA9}.Debug|x86.Build.0 = Debug|Any CPU
		{BFF8F9E0-94D0-4C87-A1A7-75E7FD6A6CA9}.Github-Release|Any CPU.ActiveCfg = Release|Any CPU
		{BFF8F9E0-94D0-4C87-A1A7-75E7FD6A6CA9}.Github-Release|Any CPU.Build.0 = Release|Any CPU
		{BFF8F9E0-94D0-4C87-A1A7-75E7FD6A6CA9}.Github-Release|x64.ActiveCfg = Release|Any CPU
		{BFF8F9E0-94D0-4C87-A1A7-75E7FD6A6CA9}.Github-Release|x64.Build.0 = Release|Any CPU
		{BFF8F9E0-94D0-4C87-A1A7-75E7FD6A6CA9}.Github-Release|x86.ActiveCfg = Release|Any CPU
		{BFF8F9E0-94D0-4C87-A1A7-75E7FD6A6CA9}.Github-Release|x86.Build.0 = Release|Any CPU
		{BFF8F9E0-94D0-4C87-A1A7-75E7FD6A6CA9}.Release|Any CPU.ActiveCfg = Release|Any CPU
		{BFF8F9E0-94D0-4C87-A1A7-75E7FD6A6CA9}.Release|Any CPU.Build.0 = Release|Any CPU
		{BFF8F9E0-94D0-4C87-A1A7-75E7FD6A6CA9}.Release|x64.ActiveCfg = Release|Any CPU
		{BFF8F9E0-94D0-4C87-A1A7-75E7FD6A6CA9}.Release|x64.Build.0 = Release|Any CPU
		{BFF8F9E0-94D0-4C87-A1A7-75E7FD6A6CA9}.Release|x86.ActiveCfg = Release|Any CPU
		{BFF8F9E0-94D0-4C87-A1A7-75E7FD6A6CA9}.Release|x86.Build.0 = Release|Any CPU
		{7DA2CE5A-4870-408C-B443-E26EB180B5F4}.Debug|Any CPU.ActiveCfg = Debug|Any CPU
		{7DA2CE5A-4870-408C-B443-E26EB180B5F4}.Debug|Any CPU.Build.0 = Debug|Any CPU
		{7DA2CE5A-4870-408C-B443-E26EB180B5F4}.Debug|x64.ActiveCfg = Debug|x64
		{7DA2CE5A-4870-408C-B443-E26EB180B5F4}.Debug|x64.Build.0 = Debug|x64
		{7DA2CE5A-4870-408C-B443-E26EB180B5F4}.Debug|x86.ActiveCfg = Debug|x86
		{7DA2CE5A-4870-408C-B443-E26EB180B5F4}.Debug|x86.Build.0 = Debug|x86
		{7DA2CE5A-4870-408C-B443-E26EB180B5F4}.Github-Release|Any CPU.ActiveCfg = Github-Release|Any CPU
		{7DA2CE5A-4870-408C-B443-E26EB180B5F4}.Github-Release|Any CPU.Build.0 = Github-Release|Any CPU
		{7DA2CE5A-4870-408C-B443-E26EB180B5F4}.Github-Release|x64.ActiveCfg = Github-Release|x64
		{7DA2CE5A-4870-408C-B443-E26EB180B5F4}.Github-Release|x64.Build.0 = Github-Release|x64
		{7DA2CE5A-4870-408C-B443-E26EB180B5F4}.Github-Release|x86.ActiveCfg = Github-Release|x86
		{7DA2CE5A-4870-408C-B443-E26EB180B5F4}.Github-Release|x86.Build.0 = Github-Release|x86
		{7DA2CE5A-4870-408C-B443-E26EB180B5F4}.Release|Any CPU.ActiveCfg = Release|Any CPU
		{7DA2CE5A-4870-408C-B443-E26EB180B5F4}.Release|Any CPU.Build.0 = Release|Any CPU
		{7DA2CE5A-4870-408C-B443-E26EB180B5F4}.Release|x64.ActiveCfg = Release|x64
		{7DA2CE5A-4870-408C-B443-E26EB180B5F4}.Release|x64.Build.0 = Release|x64
		{7DA2CE5A-4870-408C-B443-E26EB180B5F4}.Release|x86.ActiveCfg = Release|x86
		{7DA2CE5A-4870-408C-B443-E26EB180B5F4}.Release|x86.Build.0 = Release|x86
		{C0D0928D-6BF4-4A47-960A-01EE6959E91A}.Debug|Any CPU.ActiveCfg = Debug|Any CPU
		{C0D0928D-6BF4-4A47-960A-01EE6959E91A}.Debug|Any CPU.Build.0 = Debug|Any CPU
		{C0D0928D-6BF4-4A47-960A-01EE6959E91A}.Debug|x64.ActiveCfg = Debug|x64
		{C0D0928D-6BF4-4A47-960A-01EE6959E91A}.Debug|x64.Build.0 = Debug|x64
		{C0D0928D-6BF4-4A47-960A-01EE6959E91A}.Debug|x86.ActiveCfg = Debug|x86
		{C0D0928D-6BF4-4A47-960A-01EE6959E91A}.Debug|x86.Build.0 = Debug|x86
		{C0D0928D-6BF4-4A47-960A-01EE6959E91A}.Github-Release|Any CPU.ActiveCfg = Github-Release|Any CPU
		{C0D0928D-6BF4-4A47-960A-01EE6959E91A}.Github-Release|Any CPU.Build.0 = Github-Release|Any CPU
		{C0D0928D-6BF4-4A47-960A-01EE6959E91A}.Github-Release|x64.ActiveCfg = Github-Release|x64
		{C0D0928D-6BF4-4A47-960A-01EE6959E91A}.Github-Release|x64.Build.0 = Github-Release|x64
		{C0D0928D-6BF4-4A47-960A-01EE6959E91A}.Github-Release|x86.ActiveCfg = Github-Release|x86
		{C0D0928D-6BF4-4A47-960A-01EE6959E91A}.Github-Release|x86.Build.0 = Github-Release|x86
		{C0D0928D-6BF4-4A47-960A-01EE6959E91A}.Release|Any CPU.ActiveCfg = Release|Any CPU
		{C0D0928D-6BF4-4A47-960A-01EE6959E91A}.Release|Any CPU.Build.0 = Release|Any CPU
		{C0D0928D-6BF4-4A47-960A-01EE6959E91A}.Release|x64.ActiveCfg = Release|x64
		{C0D0928D-6BF4-4A47-960A-01EE6959E91A}.Release|x64.Build.0 = Release|x64
		{C0D0928D-6BF4-4A47-960A-01EE6959E91A}.Release|x86.ActiveCfg = Release|x86
		{C0D0928D-6BF4-4A47-960A-01EE6959E91A}.Release|x86.Build.0 = Release|x86
		{6917B3C3-4972-4FFD-87C9-4BBCCCF1D180}.Debug|Any CPU.ActiveCfg = Debug|Any CPU
		{6917B3C3-4972-4FFD-87C9-4BBCCCF1D180}.Debug|Any CPU.Build.0 = Debug|Any CPU
		{6917B3C3-4972-4FFD-87C9-4BBCCCF1D180}.Debug|x64.ActiveCfg = Debug|Any CPU
		{6917B3C3-4972-4FFD-87C9-4BBCCCF1D180}.Debug|x64.Build.0 = Debug|Any CPU
		{6917B3C3-4972-4FFD-87C9-4BBCCCF1D180}.Debug|x86.ActiveCfg = Debug|Any CPU
		{6917B3C3-4972-4FFD-87C9-4BBCCCF1D180}.Debug|x86.Build.0 = Debug|Any CPU
		{6917B3C3-4972-4FFD-87C9-4BBCCCF1D180}.Github-Release|Any CPU.ActiveCfg = Release|Any CPU
		{6917B3C3-4972-4FFD-87C9-4BBCCCF1D180}.Github-Release|Any CPU.Build.0 = Release|Any CPU
		{6917B3C3-4972-4FFD-87C9-4BBCCCF1D180}.Github-Release|x64.ActiveCfg = Release|Any CPU
		{6917B3C3-4972-4FFD-87C9-4BBCCCF1D180}.Github-Release|x64.Build.0 = Release|Any CPU
		{6917B3C3-4972-4FFD-87C9-4BBCCCF1D180}.Github-Release|x86.ActiveCfg = Release|Any CPU
		{6917B3C3-4972-4FFD-87C9-4BBCCCF1D180}.Github-Release|x86.Build.0 = Release|Any CPU
		{6917B3C3-4972-4FFD-87C9-4BBCCCF1D180}.Release|Any CPU.ActiveCfg = Release|Any CPU
		{6917B3C3-4972-4FFD-87C9-4BBCCCF1D180}.Release|Any CPU.Build.0 = Release|Any CPU
		{6917B3C3-4972-4FFD-87C9-4BBCCCF1D180}.Release|x64.ActiveCfg = Release|Any CPU
		{6917B3C3-4972-4FFD-87C9-4BBCCCF1D180}.Release|x64.Build.0 = Release|Any CPU
		{6917B3C3-4972-4FFD-87C9-4BBCCCF1D180}.Release|x86.ActiveCfg = Release|Any CPU
		{6917B3C3-4972-4FFD-87C9-4BBCCCF1D180}.Release|x86.Build.0 = Release|Any CPU
		{39730A60-DA73-4445-A3DA-98B7CDA3FDBF}.Debug|Any CPU.ActiveCfg = Debug|Any CPU
		{39730A60-DA73-4445-A3DA-98B7CDA3FDBF}.Debug|Any CPU.Build.0 = Debug|Any CPU
		{39730A60-DA73-4445-A3DA-98B7CDA3FDBF}.Debug|x64.ActiveCfg = Debug|Any CPU
		{39730A60-DA73-4445-A3DA-98B7CDA3FDBF}.Debug|x64.Build.0 = Debug|Any CPU
		{39730A60-DA73-4445-A3DA-98B7CDA3FDBF}.Debug|x86.ActiveCfg = Debug|Any CPU
		{39730A60-DA73-4445-A3DA-98B7CDA3FDBF}.Debug|x86.Build.0 = Debug|Any CPU
		{39730A60-DA73-4445-A3DA-98B7CDA3FDBF}.Github-Release|Any CPU.ActiveCfg = Release|Any CPU
		{39730A60-DA73-4445-A3DA-98B7CDA3FDBF}.Github-Release|Any CPU.Build.0 = Release|Any CPU
		{39730A60-DA73-4445-A3DA-98B7CDA3FDBF}.Github-Release|x64.ActiveCfg = Release|Any CPU
		{39730A60-DA73-4445-A3DA-98B7CDA3FDBF}.Github-Release|x64.Build.0 = Release|Any CPU
		{39730A60-DA73-4445-A3DA-98B7CDA3FDBF}.Github-Release|x86.ActiveCfg = Release|Any CPU
		{39730A60-DA73-4445-A3DA-98B7CDA3FDBF}.Github-Release|x86.Build.0 = Release|Any CPU
		{39730A60-DA73-4445-A3DA-98B7CDA3FDBF}.Release|Any CPU.ActiveCfg = Release|Any CPU
		{39730A60-DA73-4445-A3DA-98B7CDA3FDBF}.Release|Any CPU.Build.0 = Release|Any CPU
		{39730A60-DA73-4445-A3DA-98B7CDA3FDBF}.Release|x64.ActiveCfg = Release|Any CPU
		{39730A60-DA73-4445-A3DA-98B7CDA3FDBF}.Release|x64.Build.0 = Release|Any CPU
		{39730A60-DA73-4445-A3DA-98B7CDA3FDBF}.Release|x86.ActiveCfg = Release|Any CPU
		{39730A60-DA73-4445-A3DA-98B7CDA3FDBF}.Release|x86.Build.0 = Release|Any CPU
		{C73825C4-4776-44D0-B627-FCC1544692B7}.Debug|Any CPU.ActiveCfg = Debug|Any CPU
		{C73825C4-4776-44D0-B627-FCC1544692B7}.Debug|Any CPU.Build.0 = Debug|Any CPU
		{C73825C4-4776-44D0-B627-FCC1544692B7}.Debug|x64.ActiveCfg = Debug|Any CPU
		{C73825C4-4776-44D0-B627-FCC1544692B7}.Debug|x64.Build.0 = Debug|Any CPU
		{C73825C4-4776-44D0-B627-FCC1544692B7}.Debug|x86.ActiveCfg = Debug|Any CPU
		{C73825C4-4776-44D0-B627-FCC1544692B7}.Debug|x86.Build.0 = Debug|Any CPU
		{C73825C4-4776-44D0-B627-FCC1544692B7}.Github-Release|Any CPU.ActiveCfg = Release|Any CPU
		{C73825C4-4776-44D0-B627-FCC1544692B7}.Github-Release|Any CPU.Build.0 = Release|Any CPU
		{C73825C4-4776-44D0-B627-FCC1544692B7}.Github-Release|x64.ActiveCfg = Release|Any CPU
		{C73825C4-4776-44D0-B627-FCC1544692B7}.Github-Release|x64.Build.0 = Release|Any CPU
		{C73825C4-4776-44D0-B627-FCC1544692B7}.Github-Release|x86.ActiveCfg = Release|Any CPU
		{C73825C4-4776-44D0-B627-FCC1544692B7}.Github-Release|x86.Build.0 = Release|Any CPU
		{C73825C4-4776-44D0-B627-FCC1544692B7}.Release|Any CPU.ActiveCfg = Release|Any CPU
		{C73825C4-4776-44D0-B627-FCC1544692B7}.Release|Any CPU.Build.0 = Release|Any CPU
		{C73825C4-4776-44D0-B627-FCC1544692B7}.Release|x64.ActiveCfg = Release|Any CPU
		{C73825C4-4776-44D0-B627-FCC1544692B7}.Release|x64.Build.0 = Release|Any CPU
		{C73825C4-4776-44D0-B627-FCC1544692B7}.Release|x86.ActiveCfg = Release|Any CPU
		{C73825C4-4776-44D0-B627-FCC1544692B7}.Release|x86.Build.0 = Release|Any CPU
		{F5CB0E06-F272-466A-B2C3-3314BBC4A7DF}.Debug|Any CPU.ActiveCfg = Debug|Any CPU
		{F5CB0E06-F272-466A-B2C3-3314BBC4A7DF}.Debug|Any CPU.Build.0 = Debug|Any CPU
		{F5CB0E06-F272-466A-B2C3-3314BBC4A7DF}.Debug|x64.ActiveCfg = Debug|Any CPU
		{F5CB0E06-F272-466A-B2C3-3314BBC4A7DF}.Debug|x64.Build.0 = Debug|Any CPU
		{F5CB0E06-F272-466A-B2C3-3314BBC4A7DF}.Debug|x86.ActiveCfg = Debug|Any CPU
		{F5CB0E06-F272-466A-B2C3-3314BBC4A7DF}.Debug|x86.Build.0 = Debug|Any CPU
		{F5CB0E06-F272-466A-B2C3-3314BBC4A7DF}.Github-Release|Any CPU.ActiveCfg = Release|Any CPU
		{F5CB0E06-F272-466A-B2C3-3314BBC4A7DF}.Github-Release|Any CPU.Build.0 = Release|Any CPU
		{F5CB0E06-F272-466A-B2C3-3314BBC4A7DF}.Github-Release|x64.ActiveCfg = Release|Any CPU
		{F5CB0E06-F272-466A-B2C3-3314BBC4A7DF}.Github-Release|x64.Build.0 = Release|Any CPU
		{F5CB0E06-F272-466A-B2C3-3314BBC4A7DF}.Github-Release|x86.ActiveCfg = Release|Any CPU
		{F5CB0E06-F272-466A-B2C3-3314BBC4A7DF}.Github-Release|x86.Build.0 = Release|Any CPU
		{F5CB0E06-F272-466A-B2C3-3314BBC4A7DF}.Release|Any CPU.ActiveCfg = Release|Any CPU
		{F5CB0E06-F272-466A-B2C3-3314BBC4A7DF}.Release|Any CPU.Build.0 = Release|Any CPU
		{F5CB0E06-F272-466A-B2C3-3314BBC4A7DF}.Release|x64.ActiveCfg = Release|Any CPU
		{F5CB0E06-F272-466A-B2C3-3314BBC4A7DF}.Release|x64.Build.0 = Release|Any CPU
		{F5CB0E06-F272-466A-B2C3-3314BBC4A7DF}.Release|x86.ActiveCfg = Release|Any CPU
		{F5CB0E06-F272-466A-B2C3-3314BBC4A7DF}.Release|x86.Build.0 = Release|Any CPU
		{6B11F52C-36E6-4405-92CB-FB4FBBF81344}.Debug|Any CPU.ActiveCfg = Debug|Any CPU
		{6B11F52C-36E6-4405-92CB-FB4FBBF81344}.Debug|Any CPU.Build.0 = Debug|Any CPU
		{6B11F52C-36E6-4405-92CB-FB4FBBF81344}.Debug|x64.ActiveCfg = Debug|Any CPU
		{6B11F52C-36E6-4405-92CB-FB4FBBF81344}.Debug|x64.Build.0 = Debug|Any CPU
		{6B11F52C-36E6-4405-92CB-FB4FBBF81344}.Debug|x86.ActiveCfg = Debug|Any CPU
		{6B11F52C-36E6-4405-92CB-FB4FBBF81344}.Debug|x86.Build.0 = Debug|Any CPU
		{6B11F52C-36E6-4405-92CB-FB4FBBF81344}.Github-Release|Any CPU.ActiveCfg = Release|Any CPU
		{6B11F52C-36E6-4405-92CB-FB4FBBF81344}.Github-Release|Any CPU.Build.0 = Release|Any CPU
		{6B11F52C-36E6-4405-92CB-FB4FBBF81344}.Github-Release|x64.ActiveCfg = Release|Any CPU
		{6B11F52C-36E6-4405-92CB-FB4FBBF81344}.Github-Release|x64.Build.0 = Release|Any CPU
		{6B11F52C-36E6-4405-92CB-FB4FBBF81344}.Github-Release|x86.ActiveCfg = Release|Any CPU
		{6B11F52C-36E6-4405-92CB-FB4FBBF81344}.Github-Release|x86.Build.0 = Release|Any CPU
		{6B11F52C-36E6-4405-92CB-FB4FBBF81344}.Release|Any CPU.ActiveCfg = Release|Any CPU
		{6B11F52C-36E6-4405-92CB-FB4FBBF81344}.Release|Any CPU.Build.0 = Release|Any CPU
		{6B11F52C-36E6-4405-92CB-FB4FBBF81344}.Release|x64.ActiveCfg = Release|Any CPU
		{6B11F52C-36E6-4405-92CB-FB4FBBF81344}.Release|x64.Build.0 = Release|Any CPU
		{6B11F52C-36E6-4405-92CB-FB4FBBF81344}.Release|x86.ActiveCfg = Release|Any CPU
		{6B11F52C-36E6-4405-92CB-FB4FBBF81344}.Release|x86.Build.0 = Release|Any CPU
		{9D2C6B70-49DA-46BA-AF8F-37C88468B139}.Debug|Any CPU.ActiveCfg = Debug|Any CPU
		{9D2C6B70-49DA-46BA-AF8F-37C88468B139}.Debug|Any CPU.Build.0 = Debug|Any CPU
		{9D2C6B70-49DA-46BA-AF8F-37C88468B139}.Debug|x64.ActiveCfg = Debug|x64
		{9D2C6B70-49DA-46BA-AF8F-37C88468B139}.Debug|x64.Build.0 = Debug|x64
		{9D2C6B70-49DA-46BA-AF8F-37C88468B139}.Debug|x86.ActiveCfg = Debug|x86
		{9D2C6B70-49DA-46BA-AF8F-37C88468B139}.Debug|x86.Build.0 = Debug|x86
		{9D2C6B70-49DA-46BA-AF8F-37C88468B139}.Github-Release|Any CPU.ActiveCfg = Release|Any CPU
		{9D2C6B70-49DA-46BA-AF8F-37C88468B139}.Github-Release|Any CPU.Build.0 = Release|Any CPU
		{9D2C6B70-49DA-46BA-AF8F-37C88468B139}.Github-Release|x64.ActiveCfg = Release|x64
		{9D2C6B70-49DA-46BA-AF8F-37C88468B139}.Github-Release|x64.Build.0 = Release|x64
		{9D2C6B70-49DA-46BA-AF8F-37C88468B139}.Github-Release|x86.ActiveCfg = Release|x86
		{9D2C6B70-49DA-46BA-AF8F-37C88468B139}.Github-Release|x86.Build.0 = Release|x86
		{9D2C6B70-49DA-46BA-AF8F-37C88468B139}.Release|Any CPU.ActiveCfg = Release|Any CPU
		{9D2C6B70-49DA-46BA-AF8F-37C88468B139}.Release|Any CPU.Build.0 = Release|Any CPU
		{9D2C6B70-49DA-46BA-AF8F-37C88468B139}.Release|x64.ActiveCfg = Release|x64
		{9D2C6B70-49DA-46BA-AF8F-37C88468B139}.Release|x64.Build.0 = Release|x64
		{9D2C6B70-49DA-46BA-AF8F-37C88468B139}.Release|x86.ActiveCfg = Release|x86
		{9D2C6B70-49DA-46BA-AF8F-37C88468B139}.Release|x86.Build.0 = Release|x86
		{6747DC4E-9A59-40AE-9D4B-4B507BB75913}.Debug|Any CPU.ActiveCfg = Debug|Any CPU
		{6747DC4E-9A59-40AE-9D4B-4B507BB75913}.Debug|Any CPU.Build.0 = Debug|Any CPU
		{6747DC4E-9A59-40AE-9D4B-4B507BB75913}.Debug|x64.ActiveCfg = Debug|Any CPU
		{6747DC4E-9A59-40AE-9D4B-4B507BB75913}.Debug|x64.Build.0 = Debug|Any CPU
		{6747DC4E-9A59-40AE-9D4B-4B507BB75913}.Debug|x86.ActiveCfg = Debug|Any CPU
		{6747DC4E-9A59-40AE-9D4B-4B507BB75913}.Debug|x86.Build.0 = Debug|Any CPU
		{6747DC4E-9A59-40AE-9D4B-4B507BB75913}.Github-Release|Any CPU.ActiveCfg = Release|Any CPU
		{6747DC4E-9A59-40AE-9D4B-4B507BB75913}.Github-Release|Any CPU.Build.0 = Release|Any CPU
		{6747DC4E-9A59-40AE-9D4B-4B507BB75913}.Github-Release|x64.ActiveCfg = Release|Any CPU
		{6747DC4E-9A59-40AE-9D4B-4B507BB75913}.Github-Release|x64.Build.0 = Release|Any CPU
		{6747DC4E-9A59-40AE-9D4B-4B507BB75913}.Github-Release|x86.ActiveCfg = Release|Any CPU
		{6747DC4E-9A59-40AE-9D4B-4B507BB75913}.Github-Release|x86.Build.0 = Release|Any CPU
		{6747DC4E-9A59-40AE-9D4B-4B507BB75913}.Release|Any CPU.ActiveCfg = Release|Any CPU
		{6747DC4E-9A59-40AE-9D4B-4B507BB75913}.Release|Any CPU.Build.0 = Release|Any CPU
		{6747DC4E-9A59-40AE-9D4B-4B507BB75913}.Release|x64.ActiveCfg = Release|Any CPU
		{6747DC4E-9A59-40AE-9D4B-4B507BB75913}.Release|x64.Build.0 = Release|Any CPU
		{6747DC4E-9A59-40AE-9D4B-4B507BB75913}.Release|x86.ActiveCfg = Release|Any CPU
		{6747DC4E-9A59-40AE-9D4B-4B507BB75913}.Release|x86.Build.0 = Release|Any CPU
		{59E30B37-87DC-4BFE-98FE-E44458326823}.Debug|Any CPU.ActiveCfg = Debug|Any CPU
		{59E30B37-87DC-4BFE-98FE-E44458326823}.Debug|Any CPU.Build.0 = Debug|Any CPU
		{59E30B37-87DC-4BFE-98FE-E44458326823}.Debug|x64.ActiveCfg = Debug|Any CPU
		{59E30B37-87DC-4BFE-98FE-E44458326823}.Debug|x64.Build.0 = Debug|Any CPU
		{59E30B37-87DC-4BFE-98FE-E44458326823}.Debug|x86.ActiveCfg = Debug|Any CPU
		{59E30B37-87DC-4BFE-98FE-E44458326823}.Debug|x86.Build.0 = Debug|Any CPU
		{59E30B37-87DC-4BFE-98FE-E44458326823}.Github-Release|Any CPU.ActiveCfg = Release|Any CPU
		{59E30B37-87DC-4BFE-98FE-E44458326823}.Github-Release|Any CPU.Build.0 = Release|Any CPU
		{59E30B37-87DC-4BFE-98FE-E44458326823}.Github-Release|x64.ActiveCfg = Release|Any CPU
		{59E30B37-87DC-4BFE-98FE-E44458326823}.Github-Release|x64.Build.0 = Release|Any CPU
		{59E30B37-87DC-4BFE-98FE-E44458326823}.Github-Release|x86.ActiveCfg = Release|Any CPU
		{59E30B37-87DC-4BFE-98FE-E44458326823}.Github-Release|x86.Build.0 = Release|Any CPU
		{59E30B37-87DC-4BFE-98FE-E44458326823}.Release|Any CPU.ActiveCfg = Release|Any CPU
		{59E30B37-87DC-4BFE-98FE-E44458326823}.Release|Any CPU.Build.0 = Release|Any CPU
		{59E30B37-87DC-4BFE-98FE-E44458326823}.Release|x64.ActiveCfg = Release|Any CPU
		{59E30B37-87DC-4BFE-98FE-E44458326823}.Release|x64.Build.0 = Release|Any CPU
		{59E30B37-87DC-4BFE-98FE-E44458326823}.Release|x86.ActiveCfg = Release|Any CPU
		{59E30B37-87DC-4BFE-98FE-E44458326823}.Release|x86.Build.0 = Release|Any CPU
		{F5FDF50F-DE19-4749-83E5-DED9983AB737}.Debug|Any CPU.ActiveCfg = Debug|Any CPU
		{F5FDF50F-DE19-4749-83E5-DED9983AB737}.Debug|Any CPU.Build.0 = Debug|Any CPU
		{F5FDF50F-DE19-4749-83E5-DED9983AB737}.Debug|x64.ActiveCfg = Debug|Any CPU
		{F5FDF50F-DE19-4749-83E5-DED9983AB737}.Debug|x64.Build.0 = Debug|Any CPU
		{F5FDF50F-DE19-4749-83E5-DED9983AB737}.Debug|x86.ActiveCfg = Debug|Any CPU
		{F5FDF50F-DE19-4749-83E5-DED9983AB737}.Debug|x86.Build.0 = Debug|Any CPU
		{F5FDF50F-DE19-4749-83E5-DED9983AB737}.Github-Release|Any CPU.ActiveCfg = Release|Any CPU
		{F5FDF50F-DE19-4749-83E5-DED9983AB737}.Github-Release|Any CPU.Build.0 = Release|Any CPU
		{F5FDF50F-DE19-4749-83E5-DED9983AB737}.Github-Release|x64.ActiveCfg = Release|Any CPU
		{F5FDF50F-DE19-4749-83E5-DED9983AB737}.Github-Release|x64.Build.0 = Release|Any CPU
		{F5FDF50F-DE19-4749-83E5-DED9983AB737}.Github-Release|x86.ActiveCfg = Release|Any CPU
		{F5FDF50F-DE19-4749-83E5-DED9983AB737}.Github-Release|x86.Build.0 = Release|Any CPU
		{F5FDF50F-DE19-4749-83E5-DED9983AB737}.Release|Any CPU.ActiveCfg = Release|Any CPU
		{F5FDF50F-DE19-4749-83E5-DED9983AB737}.Release|Any CPU.Build.0 = Release|Any CPU
		{F5FDF50F-DE19-4749-83E5-DED9983AB737}.Release|x64.ActiveCfg = Release|Any CPU
		{F5FDF50F-DE19-4749-83E5-DED9983AB737}.Release|x64.Build.0 = Release|Any CPU
		{F5FDF50F-DE19-4749-83E5-DED9983AB737}.Release|x86.ActiveCfg = Release|Any CPU
		{F5FDF50F-DE19-4749-83E5-DED9983AB737}.Release|x86.Build.0 = Release|Any CPU
		{0630E54B-29B7-479D-884E-97ED3527B34E}.Debug|Any CPU.ActiveCfg = Debug|Any CPU
		{0630E54B-29B7-479D-884E-97ED3527B34E}.Debug|Any CPU.Build.0 = Debug|Any CPU
		{0630E54B-29B7-479D-884E-97ED3527B34E}.Debug|x64.ActiveCfg = Debug|Any CPU
		{0630E54B-29B7-479D-884E-97ED3527B34E}.Debug|x64.Build.0 = Debug|Any CPU
		{0630E54B-29B7-479D-884E-97ED3527B34E}.Debug|x86.ActiveCfg = Debug|Any CPU
		{0630E54B-29B7-479D-884E-97ED3527B34E}.Debug|x86.Build.0 = Debug|Any CPU
		{0630E54B-29B7-479D-884E-97ED3527B34E}.Github-Release|Any CPU.ActiveCfg = Release|Any CPU
		{0630E54B-29B7-479D-884E-97ED3527B34E}.Github-Release|Any CPU.Build.0 = Release|Any CPU
		{0630E54B-29B7-479D-884E-97ED3527B34E}.Github-Release|x64.ActiveCfg = Release|Any CPU
		{0630E54B-29B7-479D-884E-97ED3527B34E}.Github-Release|x64.Build.0 = Release|Any CPU
		{0630E54B-29B7-479D-884E-97ED3527B34E}.Github-Release|x86.ActiveCfg = Release|Any CPU
		{0630E54B-29B7-479D-884E-97ED3527B34E}.Github-Release|x86.Build.0 = Release|Any CPU
		{0630E54B-29B7-479D-884E-97ED3527B34E}.Release|Any CPU.ActiveCfg = Release|Any CPU
		{0630E54B-29B7-479D-884E-97ED3527B34E}.Release|Any CPU.Build.0 = Release|Any CPU
		{0630E54B-29B7-479D-884E-97ED3527B34E}.Release|x64.ActiveCfg = Release|Any CPU
		{0630E54B-29B7-479D-884E-97ED3527B34E}.Release|x64.Build.0 = Release|Any CPU
		{0630E54B-29B7-479D-884E-97ED3527B34E}.Release|x86.ActiveCfg = Release|Any CPU
		{0630E54B-29B7-479D-884E-97ED3527B34E}.Release|x86.Build.0 = Release|Any CPU
		{2EC88AE1-AFA6-445E-983B-BE21690AF0D8}.Debug|Any CPU.ActiveCfg = Debug|Any CPU
		{2EC88AE1-AFA6-445E-983B-BE21690AF0D8}.Debug|Any CPU.Build.0 = Debug|Any CPU
		{2EC88AE1-AFA6-445E-983B-BE21690AF0D8}.Debug|x64.ActiveCfg = Debug|Any CPU
		{2EC88AE1-AFA6-445E-983B-BE21690AF0D8}.Debug|x64.Build.0 = Debug|Any CPU
		{2EC88AE1-AFA6-445E-983B-BE21690AF0D8}.Debug|x86.ActiveCfg = Debug|Any CPU
		{2EC88AE1-AFA6-445E-983B-BE21690AF0D8}.Debug|x86.Build.0 = Debug|Any CPU
		{2EC88AE1-AFA6-445E-983B-BE21690AF0D8}.Github-Release|Any CPU.ActiveCfg = Release|Any CPU
		{2EC88AE1-AFA6-445E-983B-BE21690AF0D8}.Github-Release|Any CPU.Build.0 = Release|Any CPU
		{2EC88AE1-AFA6-445E-983B-BE21690AF0D8}.Github-Release|x64.ActiveCfg = Release|Any CPU
		{2EC88AE1-AFA6-445E-983B-BE21690AF0D8}.Github-Release|x64.Build.0 = Release|Any CPU
		{2EC88AE1-AFA6-445E-983B-BE21690AF0D8}.Github-Release|x86.ActiveCfg = Release|Any CPU
		{2EC88AE1-AFA6-445E-983B-BE21690AF0D8}.Github-Release|x86.Build.0 = Release|Any CPU
		{2EC88AE1-AFA6-445E-983B-BE21690AF0D8}.Release|Any CPU.ActiveCfg = Release|Any CPU
		{2EC88AE1-AFA6-445E-983B-BE21690AF0D8}.Release|Any CPU.Build.0 = Release|Any CPU
		{2EC88AE1-AFA6-445E-983B-BE21690AF0D8}.Release|x64.ActiveCfg = Release|Any CPU
		{2EC88AE1-AFA6-445E-983B-BE21690AF0D8}.Release|x64.Build.0 = Release|Any CPU
		{2EC88AE1-AFA6-445E-983B-BE21690AF0D8}.Release|x86.ActiveCfg = Release|Any CPU
		{2EC88AE1-AFA6-445E-983B-BE21690AF0D8}.Release|x86.Build.0 = Release|Any CPU
		{73F00029-BB56-4522-A643-FD6E66BC30F1}.Debug|Any CPU.ActiveCfg = Debug|Any CPU
		{73F00029-BB56-4522-A643-FD6E66BC30F1}.Debug|Any CPU.Build.0 = Debug|Any CPU
		{73F00029-BB56-4522-A643-FD6E66BC30F1}.Debug|x64.ActiveCfg = Debug|Any CPU
		{73F00029-BB56-4522-A643-FD6E66BC30F1}.Debug|x64.Build.0 = Debug|Any CPU
		{73F00029-BB56-4522-A643-FD6E66BC30F1}.Debug|x86.ActiveCfg = Debug|Any CPU
		{73F00029-BB56-4522-A643-FD6E66BC30F1}.Debug|x86.Build.0 = Debug|Any CPU
		{73F00029-BB56-4522-A643-FD6E66BC30F1}.Github-Release|Any CPU.ActiveCfg = Release|Any CPU
		{73F00029-BB56-4522-A643-FD6E66BC30F1}.Github-Release|Any CPU.Build.0 = Release|Any CPU
		{73F00029-BB56-4522-A643-FD6E66BC30F1}.Github-Release|x64.ActiveCfg = Release|Any CPU
		{73F00029-BB56-4522-A643-FD6E66BC30F1}.Github-Release|x64.Build.0 = Release|Any CPU
		{73F00029-BB56-4522-A643-FD6E66BC30F1}.Github-Release|x86.ActiveCfg = Release|Any CPU
		{73F00029-BB56-4522-A643-FD6E66BC30F1}.Github-Release|x86.Build.0 = Release|Any CPU
		{73F00029-BB56-4522-A643-FD6E66BC30F1}.Release|Any CPU.ActiveCfg = Release|Any CPU
		{73F00029-BB56-4522-A643-FD6E66BC30F1}.Release|Any CPU.Build.0 = Release|Any CPU
		{73F00029-BB56-4522-A643-FD6E66BC30F1}.Release|x64.ActiveCfg = Release|Any CPU
		{73F00029-BB56-4522-A643-FD6E66BC30F1}.Release|x64.Build.0 = Release|Any CPU
		{73F00029-BB56-4522-A643-FD6E66BC30F1}.Release|x86.ActiveCfg = Release|Any CPU
		{73F00029-BB56-4522-A643-FD6E66BC30F1}.Release|x86.Build.0 = Release|Any CPU
	EndGlobalSection
	GlobalSection(SolutionProperties) = preSolution
		HideSolutionNode = FALSE
	EndGlobalSection
	GlobalSection(NestedProjects) = preSolution
		{E34EF040-EC6D-4DDC-B71A-76CE7AFA3FDF} = {2C16ABFC-EDAE-4AC5-B5C9-EEC54221D18D}
		{55B2B18E-807B-4B43-9941-144D53F75C92} = {2C16ABFC-EDAE-4AC5-B5C9-EEC54221D18D}
		{0425908C-7E5A-43A2-981C-CCF8427F94AF} = {63F29E31-25B0-4E12-9CAB-F59719910677}
		{0FA61B1A-40E9-4F1F-99A0-286FF1E72087} = {63F29E31-25B0-4E12-9CAB-F59719910677}
		{5B234442-F228-48F2-96D2-C261CD21482D} = {63F29E31-25B0-4E12-9CAB-F59719910677}
		{4D18A449-70BA-41FA-9D49-1AA3DAE4E688} = {4DF3A907-F98D-40D8-83F6-086A6BA19740}
		{FD7300E8-B781-4099-9CAB-BAA3D0ED2735} = {4DF3A907-F98D-40D8-83F6-086A6BA19740}
		{1D01D798-3917-4785-8A40-93A91B5B28FF} = {4DF3A907-F98D-40D8-83F6-086A6BA19740}
		{B0F400D6-0993-487B-991D-A3410FBC2729} = {4DF3A907-F98D-40D8-83F6-086A6BA19740}
		{58716F20-D5F4-49E5-A40F-C78ACF029E4B} = {4DF3A907-F98D-40D8-83F6-086A6BA19740}
		{865DB536-2216-4C27-9D76-8A3E2415C6E6} = {4DF3A907-F98D-40D8-83F6-086A6BA19740}
		{91A7C329-5B56-4AA4-BCC2-C299274C448D} = {4DF3A907-F98D-40D8-83F6-086A6BA19740}
		{12134C3C-8FC1-4272-A211-F4399D6F0CE7} = {2C16ABFC-EDAE-4AC5-B5C9-EEC54221D18D}
		{183218A9-D8F6-44D4-91EE-098E2949218E} = {2C16ABFC-EDAE-4AC5-B5C9-EEC54221D18D}
		{956CE72C-AAB4-4A8B-8281-8C82761180B4} = {2C16ABFC-EDAE-4AC5-B5C9-EEC54221D18D}
		{CB1994F7-61A4-4CB2-BBA0-4F2AAA75A491} = {2C16ABFC-EDAE-4AC5-B5C9-EEC54221D18D}
		{BFF8F9E0-94D0-4C87-A1A7-75E7FD6A6CA9} = {2C16ABFC-EDAE-4AC5-B5C9-EEC54221D18D}
		{7DA2CE5A-4870-408C-B443-E26EB180B5F4} = {63F29E31-25B0-4E12-9CAB-F59719910677}
		{C0D0928D-6BF4-4A47-960A-01EE6959E91A} = {63F29E31-25B0-4E12-9CAB-F59719910677}
		{39730A60-DA73-4445-A3DA-98B7CDA3FDBF} = {E4DD576A-E501-46F9-8A89-892E1597B676}
		{C73825C4-4776-44D0-B627-FCC1544692B7} = {E4DD576A-E501-46F9-8A89-892E1597B676}
		{F5CB0E06-F272-466A-B2C3-3314BBC4A7DF} = {E4DD576A-E501-46F9-8A89-892E1597B676}
		{9D2C6B70-49DA-46BA-AF8F-37C88468B139} = {63F29E31-25B0-4E12-9CAB-F59719910677}
		{6747DC4E-9A59-40AE-9D4B-4B507BB75913} = {2C16ABFC-EDAE-4AC5-B5C9-EEC54221D18D}
		{4DF3A907-F98D-40D8-83F6-086A6BA19740} = {7C9F920E-A543-4747-B712-54A4A11A104E}
		{63F29E31-25B0-4E12-9CAB-F59719910677} = {7C9F920E-A543-4747-B712-54A4A11A104E}
		{59E30B37-87DC-4BFE-98FE-E44458326823} = {2C16ABFC-EDAE-4AC5-B5C9-EEC54221D18D}
		{F5FDF50F-DE19-4749-83E5-DED9983AB737} = {2C16ABFC-EDAE-4AC5-B5C9-EEC54221D18D}
		{0630E54B-29B7-479D-884E-97ED3527B34E} = {2C16ABFC-EDAE-4AC5-B5C9-EEC54221D18D}
		{2EC88AE1-AFA6-445E-983B-BE21690AF0D8} = {2C16ABFC-EDAE-4AC5-B5C9-EEC54221D18D}
		{73F00029-BB56-4522-A643-FD6E66BC30F1} = {2C16ABFC-EDAE-4AC5-B5C9-EEC54221D18D}
	EndGlobalSection
	GlobalSection(ExtensibilityGlobals) = postSolution
		SolutionGuid = {AECD44BF-C6F0-4904-9C72-A0B8CB399EE9}
	EndGlobalSection
EndGlobal
